Microsoft Visual Studio Solution File, Format Version 10.00
# Visual Studio 2008
Project("{8BC9CEB8-8B4A-11D0-8D11-00A0C91BC942}") = "ALL_BUILD", "ALL_BUILD.vcproj", "{03F8B262-5A4D-4F9B-98E5-C37C33053826}"
	ProjectSection(ProjectDependencies) = postProject
		{8F110F78-0814-4B4A-BF06-56DC8429D0C8} = {8F110F78-0814-4B4A-BF06-56DC8429D0C8}
		{BF6B08FD-3C88-43BE-BE18-455AB8451060} = {BF6B08FD-3C88-43BE-BE18-455AB8451060}
		{B133A89F-8105-4984-9C6F-5E53EE2F11F9} = {B133A89F-8105-4984-9C6F-5E53EE2F11F9}
		{8CC82204-0E9B-4615-B0F2-46F7996C2FC2} = {8CC82204-0E9B-4615-B0F2-46F7996C2FC2}
		{71D54119-62E7-4F43-A50A-C7EB9BA51EA7} = {71D54119-62E7-4F43-A50A-C7EB9BA51EA7}
		{D1B65ADB-63CC-46F2-8EB2-A20B8F30E190} = {D1B65ADB-63CC-46F2-8EB2-A20B8F30E190}
		{9387D742-B57A-47EE-BA90-C165086E115A} = {9387D742-B57A-47EE-BA90-C165086E115A}
		{8AF03F4B-8E65-4431-B49A-85EFCF79CADF} = {8AF03F4B-8E65-4431-B49A-85EFCF79CADF}
		{42C4993A-AA11-48AD-9536-AD4F6E8633B1} = {42C4993A-AA11-48AD-9536-AD4F6E8633B1}
		{16801C69-B023-47A2-993D-AEA6DFE0942E} = {16801C69-B023-47A2-993D-AEA6DFE0942E}
		{A6427A75-32CA-47E7-B044-F13A8A578711} = {A6427A75-32CA-47E7-B044-F13A8A578711}
		{6907BB83-A0E6-4EBC-8739-68F16438A2A6} = {6907BB83-A0E6-4EBC-8739-68F16438A2A6}
		{8D61C4EC-57EE-480E-B663-F02A0695FFB5} = {8D61C4EC-57EE-480E-B663-F02A0695FFB5}
		{D867883F-D6D3-48C5-B254-08A4BB26D900} = {D867883F-D6D3-48C5-B254-08A4BB26D900}
		{DD4AD272-D1AC-429F-A3A4-B9699696F0E0} = {DD4AD272-D1AC-429F-A3A4-B9699696F0E0}
		{717CBBD9-C387-4C38-9A5D-3019D552D386} = {717CBBD9-C387-4C38-9A5D-3019D552D386}
		{12B19225-5FA4-459B-9247-EF0A6664A174} = {12B19225-5FA4-459B-9247-EF0A6664A174}
		{63440627-4878-4CE4-839C-C8256BDB5C81} = {63440627-4878-4CE4-839C-C8256BDB5C81}
		{35B3299F-29FD-4B32-B619-CB78A7F1C72F} = {35B3299F-29FD-4B32-B619-CB78A7F1C72F}
		{9779D66B-A863-44D2-AECC-9B1CFD30FB15} = {9779D66B-A863-44D2-AECC-9B1CFD30FB15}
		{1F9AFD06-CB62-485A-8A94-754179487E99} = {1F9AFD06-CB62-485A-8A94-754179487E99}
		{ECD5D139-BEE9-47EC-A534-323593DD410D} = {ECD5D139-BEE9-47EC-A534-323593DD410D}
		{C0291197-F92F-4016-8E6B-6B30331B4D03} = {C0291197-F92F-4016-8E6B-6B30331B4D03}
		{692B4D6F-CA4A-458E-91C3-103CA628D821} = {692B4D6F-CA4A-458E-91C3-103CA628D821}
		{F49EDEB5-EE04-43FA-B1D5-E2F785FB9E77} = {F49EDEB5-EE04-43FA-B1D5-E2F785FB9E77}
		{CFF91214-ECE7-49F3-A1DF-F2B74597660F} = {CFF91214-ECE7-49F3-A1DF-F2B74597660F}
		{F4227889-217F-4BA5-9B32-71913C0A7C7B} = {F4227889-217F-4BA5-9B32-71913C0A7C7B}
		{9E2F0014-E112-464E-9502-1BF6492BF0EF} = {9E2F0014-E112-464E-9502-1BF6492BF0EF}
		{0B53964F-3201-4BA4-A0C5-873D4D89180B} = {0B53964F-3201-4BA4-A0C5-873D4D89180B}
		{50BF6BD5-937E-4D78-AF2C-E65AECE85C18} = {50BF6BD5-937E-4D78-AF2C-E65AECE85C18}
		{9C6ECA56-74AF-499C-886C-46004F8E9F73} = {9C6ECA56-74AF-499C-886C-46004F8E9F73}
		{9586426F-7222-4CFC-98B4-108F091ED0E9} = {9586426F-7222-4CFC-98B4-108F091ED0E9}
		{2D6B73E0-DBF8-41E8-82AD-DF8984061EFC} = {2D6B73E0-DBF8-41E8-82AD-DF8984061EFC}
		{36E12615-8972-4D8F-95F4-C3CB18CAEB1A} = {36E12615-8972-4D8F-95F4-C3CB18CAEB1A}
		{AA40BC3F-8F4F-4983-8E1F-5789970925A7} = {AA40BC3F-8F4F-4983-8E1F-5789970925A7}
		{46A7D9D6-2F36-45F5-84B1-2805B30535DF} = {46A7D9D6-2F36-45F5-84B1-2805B30535DF}
		{7670F1D5-5FF3-4B35-8B4A-6185D09A3B28} = {7670F1D5-5FF3-4B35-8B4A-6185D09A3B28}
		{B080C6DD-31EC-4809-A0D8-741CAFE47F75} = {B080C6DD-31EC-4809-A0D8-741CAFE47F75}
		{C3C8378E-7539-4199-A8D4-A86B9C91381C} = {C3C8378E-7539-4199-A8D4-A86B9C91381C}
		{096A01BA-75E4-4931-85B7-B6B0A3E78507} = {096A01BA-75E4-4931-85B7-B6B0A3E78507}
		{66F96008-C5E6-47E1-B94C-8079AFF55C2C} = {66F96008-C5E6-47E1-B94C-8079AFF55C2C}
		{A1B3573F-59B2-4763-ADE9-BA9CC2ADDFE6} = {A1B3573F-59B2-4763-ADE9-BA9CC2ADDFE6}
		{CAEF666E-AFF1-4705-897B-A73B35CFE74B} = {CAEF666E-AFF1-4705-897B-A73B35CFE74B}
		{50F304BD-5407-4F3D-8EE9-6E6D43343BC1} = {50F304BD-5407-4F3D-8EE9-6E6D43343BC1}
		{B0E8E847-65D9-4CD5-8920-A2257B2E9636} = {B0E8E847-65D9-4CD5-8920-A2257B2E9636}
		{3E4C2B32-8BCE-4DB2-89B7-A5F94061A924} = {3E4C2B32-8BCE-4DB2-89B7-A5F94061A924}
		{A227F5B3-BE95-4E54-A844-86775A3BFDB9} = {A227F5B3-BE95-4E54-A844-86775A3BFDB9}
		{2F2578C2-F07F-4559-B8D3-73948A48E958} = {2F2578C2-F07F-4559-B8D3-73948A48E958}
		{FBB1AC9E-E868-4CAD-94EA-380B3F378D09} = {FBB1AC9E-E868-4CAD-94EA-380B3F378D09}
		{A1EF6322-CCFE-41A9-9CFF-6564C09658AA} = {A1EF6322-CCFE-41A9-9CFF-6564C09658AA}
		{D1322DE3-646B-4785-8D50-923016EED93C} = {D1322DE3-646B-4785-8D50-923016EED93C}
		{B89253AF-FDD0-4F21-87D4-48A9A0758BFF} = {B89253AF-FDD0-4F21-87D4-48A9A0758BFF}
		{14B6655B-D5EB-4190-A26C-BAB4FCD367BB} = {14B6655B-D5EB-4190-A26C-BAB4FCD367BB}
		{4D44965D-F37F-45E3-AEB0-A8D2DC733740} = {4D44965D-F37F-45E3-AEB0-A8D2DC733740}
		{E7A17AB6-3B8E-4B62-8AFD-897F476C0AD8} = {E7A17AB6-3B8E-4B62-8AFD-897F476C0AD8}
		{045F9C55-34B3-41A8-ACC8-007100EFD02D} = {045F9C55-34B3-41A8-ACC8-007100EFD02D}
	EndProjectSection
EndProject
Project("{8BC9CEB8-8B4A-11D0-8D11-00A0C91BC942}") = "AppAllBulletDemos", "Demos\AllBulletDemos\AppAllBulletDemos.vcproj", "{8F110F78-0814-4B4A-BF06-56DC8429D0C8}"
	ProjectSection(ProjectDependencies) = postProject
		{096A01BA-75E4-4931-85B7-B6B0A3E78507} = {096A01BA-75E4-4931-85B7-B6B0A3E78507}
		{66F96008-C5E6-47E1-B94C-8079AFF55C2C} = {66F96008-C5E6-47E1-B94C-8079AFF55C2C}
		{A1B3573F-59B2-4763-ADE9-BA9CC2ADDFE6} = {A1B3573F-59B2-4763-ADE9-BA9CC2ADDFE6}
		{CAEF666E-AFF1-4705-897B-A73B35CFE74B} = {CAEF666E-AFF1-4705-897B-A73B35CFE74B}
		{50F304BD-5407-4F3D-8EE9-6E6D43343BC1} = {50F304BD-5407-4F3D-8EE9-6E6D43343BC1}
		{A227F5B3-BE95-4E54-A844-86775A3BFDB9} = {A227F5B3-BE95-4E54-A844-86775A3BFDB9}
		{2F2578C2-F07F-4559-B8D3-73948A48E958} = {2F2578C2-F07F-4559-B8D3-73948A48E958}
		{FBB1AC9E-E868-4CAD-94EA-380B3F378D09} = {FBB1AC9E-E868-4CAD-94EA-380B3F378D09}
		{A1EF6322-CCFE-41A9-9CFF-6564C09658AA} = {A1EF6322-CCFE-41A9-9CFF-6564C09658AA}
		{D1322DE3-646B-4785-8D50-923016EED93C} = {D1322DE3-646B-4785-8D50-923016EED93C}
		{14B6655B-D5EB-4190-A26C-BAB4FCD367BB} = {14B6655B-D5EB-4190-A26C-BAB4FCD367BB}
		{E7A17AB6-3B8E-4B62-8AFD-897F476C0AD8} = {E7A17AB6-3B8E-4B62-8AFD-897F476C0AD8}
		{045F9C55-34B3-41A8-ACC8-007100EFD02D} = {045F9C55-34B3-41A8-ACC8-007100EFD02D}
	EndProjectSection
EndProject
Project("{8BC9CEB8-8B4A-11D0-8D11-00A0C91BC942}") = "AppBasicDemo", "Demos\BasicDemo\AppBasicDemo.vcproj", "{BF6B08FD-3C88-43BE-BE18-455AB8451060}"
	ProjectSection(ProjectDependencies) = postProject
		{096A01BA-75E4-4931-85B7-B6B0A3E78507} = {096A01BA-75E4-4931-85B7-B6B0A3E78507}
		{66F96008-C5E6-47E1-B94C-8079AFF55C2C} = {66F96008-C5E6-47E1-B94C-8079AFF55C2C}
		{14B6655B-D5EB-4190-A26C-BAB4FCD367BB} = {14B6655B-D5EB-4190-A26C-BAB4FCD367BB}
		{E7A17AB6-3B8E-4B62-8AFD-897F476C0AD8} = {E7A17AB6-3B8E-4B62-8AFD-897F476C0AD8}
		{045F9C55-34B3-41A8-ACC8-007100EFD02D} = {045F9C55-34B3-41A8-ACC8-007100EFD02D}
	EndProjectSection
EndProject
Project("{8BC9CEB8-8B4A-11D0-8D11-00A0C91BC942}") = "AppBenchmarks", "Demos\Benchmarks\AppBenchmarks.vcproj", "{B133A89F-8105-4984-9C6F-5E53EE2F11F9}"
	ProjectSection(ProjectDependencies) = postProject
		{096A01BA-75E4-4931-85B7-B6B0A3E78507} = {096A01BA-75E4-4931-85B7-B6B0A3E78507}
		{66F96008-C5E6-47E1-B94C-8079AFF55C2C} = {66F96008-C5E6-47E1-B94C-8079AFF55C2C}
		{14B6655B-D5EB-4190-A26C-BAB4FCD367BB} = {14B6655B-D5EB-4190-A26C-BAB4FCD367BB}
		{E7A17AB6-3B8E-4B62-8AFD-897F476C0AD8} = {E7A17AB6-3B8E-4B62-8AFD-897F476C0AD8}
		{045F9C55-34B3-41A8-ACC8-007100EFD02D} = {045F9C55-34B3-41A8-ACC8-007100EFD02D}
	EndProjectSection
EndProject
Project("{8BC9CEB8-8B4A-11D0-8D11-00A0C91BC942}") = "AppBox2dDemo", "Demos\Box2dDemo\AppBox2dDemo.vcproj", "{8CC82204-0E9B-4615-B0F2-46F7996C2FC2}"
	ProjectSection(ProjectDependencies) = postProject
		{096A01BA-75E4-4931-85B7-B6B0A3E78507} = {096A01BA-75E4-4931-85B7-B6B0A3E78507}
		{66F96008-C5E6-47E1-B94C-8079AFF55C2C} = {66F96008-C5E6-47E1-B94C-8079AFF55C2C}
		{14B6655B-D5EB-4190-A26C-BAB4FCD367BB} = {14B6655B-D5EB-4190-A26C-BAB4FCD367BB}
		{E7A17AB6-3B8E-4B62-8AFD-897F476C0AD8} = {E7A17AB6-3B8E-4B62-8AFD-897F476C0AD8}
		{045F9C55-34B3-41A8-ACC8-007100EFD02D} = {045F9C55-34B3-41A8-ACC8-007100EFD02D}
	EndProjectSection
EndProject
Project("{8BC9CEB8-8B4A-11D0-8D11-00A0C91BC942}") = "AppBspPhysicsDemo", "Demos\BspDemo\AppBspPhysicsDemo.vcproj", "{71D54119-62E7-4F43-A50A-C7EB9BA51EA7}"
	ProjectSection(ProjectDependencies) = postProject
		{096A01BA-75E4-4931-85B7-B6B0A3E78507} = {096A01BA-75E4-4931-85B7-B6B0A3E78507}
		{66F96008-C5E6-47E1-B94C-8079AFF55C2C} = {66F96008-C5E6-47E1-B94C-8079AFF55C2C}
		{14B6655B-D5EB-4190-A26C-BAB4FCD367BB} = {14B6655B-D5EB-4190-A26C-BAB4FCD367BB}
		{E7A17AB6-3B8E-4B62-8AFD-897F476C0AD8} = {E7A17AB6-3B8E-4B62-8AFD-897F476C0AD8}
		{045F9C55-34B3-41A8-ACC8-007100EFD02D} = {045F9C55-34B3-41A8-ACC8-007100EFD02D}
	EndProjectSection
EndProject
Project("{8BC9CEB8-8B4A-11D0-8D11-00A0C91BC942}") = "AppCcdPhysicsDemo", "Demos\CcdPhysicsDemo\AppCcdPhysicsDemo.vcproj", "{D1B65ADB-63CC-46F2-8EB2-A20B8F30E190}"
	ProjectSection(ProjectDependencies) = postProject
		{096A01BA-75E4-4931-85B7-B6B0A3E78507} = {096A01BA-75E4-4931-85B7-B6B0A3E78507}
		{66F96008-C5E6-47E1-B94C-8079AFF55C2C} = {66F96008-C5E6-47E1-B94C-8079AFF55C2C}
		{14B6655B-D5EB-4190-A26C-BAB4FCD367BB} = {14B6655B-D5EB-4190-A26C-BAB4FCD367BB}
		{E7A17AB6-3B8E-4B62-8AFD-897F476C0AD8} = {E7A17AB6-3B8E-4B62-8AFD-897F476C0AD8}
		{045F9C55-34B3-41A8-ACC8-007100EFD02D} = {045F9C55-34B3-41A8-ACC8-007100EFD02D}
	EndProjectSection
EndProject
Project("{8BC9CEB8-8B4A-11D0-8D11-00A0C91BC942}") = "AppCharacterDemo", "Demos\CharacterDemo\AppCharacterDemo.vcproj", "{9387D742-B57A-47EE-BA90-C165086E115A}"
	ProjectSection(ProjectDependencies) = postProject
		{096A01BA-75E4-4931-85B7-B6B0A3E78507} = {096A01BA-75E4-4931-85B7-B6B0A3E78507}
		{66F96008-C5E6-47E1-B94C-8079AFF55C2C} = {66F96008-C5E6-47E1-B94C-8079AFF55C2C}
		{14B6655B-D5EB-4190-A26C-BAB4FCD367BB} = {14B6655B-D5EB-4190-A26C-BAB4FCD367BB}
		{E7A17AB6-3B8E-4B62-8AFD-897F476C0AD8} = {E7A17AB6-3B8E-4B62-8AFD-897F476C0AD8}
		{045F9C55-34B3-41A8-ACC8-007100EFD02D} = {045F9C55-34B3-41A8-ACC8-007100EFD02D}
	EndProjectSection
EndProject
Project("{8BC9CEB8-8B4A-11D0-8D11-00A0C91BC942}") = "AppCollisionDemo", "Demos\CollisionDemo\AppCollisionDemo.vcproj", "{8AF03F4B-8E65-4431-B49A-85EFCF79CADF}"
	ProjectSection(ProjectDependencies) = postProject
		{096A01BA-75E4-4931-85B7-B6B0A3E78507} = {096A01BA-75E4-4931-85B7-B6B0A3E78507}
		{66F96008-C5E6-47E1-B94C-8079AFF55C2C} = {66F96008-C5E6-47E1-B94C-8079AFF55C2C}
		{14B6655B-D5EB-4190-A26C-BAB4FCD367BB} = {14B6655B-D5EB-4190-A26C-BAB4FCD367BB}
		{E7A17AB6-3B8E-4B62-8AFD-897F476C0AD8} = {E7A17AB6-3B8E-4B62-8AFD-897F476C0AD8}
		{045F9C55-34B3-41A8-ACC8-007100EFD02D} = {045F9C55-34B3-41A8-ACC8-007100EFD02D}
	EndProjectSection
EndProject
Project("{8BC9CEB8-8B4A-11D0-8D11-00A0C91BC942}") = "AppCollisionInterfaceDemo", "Demos\CollisionInterfaceDemo\AppCollisionInterfaceDemo.vcproj", "{42C4993A-AA11-48AD-9536-AD4F6E8633B1}"
	ProjectSection(ProjectDependencies) = postProject
		{096A01BA-75E4-4931-85B7-B6B0A3E78507} = {096A01BA-75E4-4931-85B7-B6B0A3E78507}
		{66F96008-C5E6-47E1-B94C-8079AFF55C2C} = {66F96008-C5E6-47E1-B94C-8079AFF55C2C}
		{14B6655B-D5EB-4190-A26C-BAB4FCD367BB} = {14B6655B-D5EB-4190-A26C-BAB4FCD367BB}
		{E7A17AB6-3B8E-4B62-8AFD-897F476C0AD8} = {E7A17AB6-3B8E-4B62-8AFD-897F476C0AD8}
		{045F9C55-34B3-41A8-ACC8-007100EFD02D} = {045F9C55-34B3-41A8-ACC8-007100EFD02D}
	EndProjectSection
EndProject
Project("{8BC9CEB8-8B4A-11D0-8D11-00A0C91BC942}") = "AppConcaveConvexCastDemo", "Demos\ConcaveConvexcastDemo\AppConcaveConvexCastDemo.vcproj", "{16801C69-B023-47A2-993D-AEA6DFE0942E}"
	ProjectSection(ProjectDependencies) = postProject
		{096A01BA-75E4-4931-85B7-B6B0A3E78507} = {096A01BA-75E4-4931-85B7-B6B0A3E78507}
		{66F96008-C5E6-47E1-B94C-8079AFF55C2C} = {66F96008-C5E6-47E1-B94C-8079AFF55C2C}
		{14B6655B-D5EB-4190-A26C-BAB4FCD367BB} = {14B6655B-D5EB-4190-A26C-BAB4FCD367BB}
		{E7A17AB6-3B8E-4B62-8AFD-897F476C0AD8} = {E7A17AB6-3B8E-4B62-8AFD-897F476C0AD8}
		{045F9C55-34B3-41A8-ACC8-007100EFD02D} = {045F9C55-34B3-41A8-ACC8-007100EFD02D}
	EndProjectSection
EndProject
Project("{8BC9CEB8-8B4A-11D0-8D11-00A0C91BC942}") = "AppConcaveDemo", "Demos\ConcaveDemo\AppConcaveDemo.vcproj", "{A6427A75-32CA-47E7-B044-F13A8A578711}"
	ProjectSection(ProjectDependencies) = postProject
		{096A01BA-75E4-4931-85B7-B6B0A3E78507} = {096A01BA-75E4-4931-85B7-B6B0A3E78507}
		{66F96008-C5E6-47E1-B94C-8079AFF55C2C} = {66F96008-C5E6-47E1-B94C-8079AFF55C2C}
		{A1B3573F-59B2-4763-ADE9-BA9CC2ADDFE6} = {A1B3573F-59B2-4763-ADE9-BA9CC2ADDFE6}
		{A227F5B3-BE95-4E54-A844-86775A3BFDB9} = {A227F5B3-BE95-4E54-A844-86775A3BFDB9}
		{14B6655B-D5EB-4190-A26C-BAB4FCD367BB} = {14B6655B-D5EB-4190-A26C-BAB4FCD367BB}
		{E7A17AB6-3B8E-4B62-8AFD-897F476C0AD8} = {E7A17AB6-3B8E-4B62-8AFD-897F476C0AD8}
		{045F9C55-34B3-41A8-ACC8-007100EFD02D} = {045F9C55-34B3-41A8-ACC8-007100EFD02D}
	EndProjectSection
EndProject
Project("{8BC9CEB8-8B4A-11D0-8D11-00A0C91BC942}") = "AppConcaveRayCastDemo", "Demos\ConcaveRaycastDemo\AppConcaveRayCastDemo.vcproj", "{6907BB83-A0E6-4EBC-8739-68F16438A2A6}"
	ProjectSection(ProjectDependencies) = postProject
		{096A01BA-75E4-4931-85B7-B6B0A3E78507} = {096A01BA-75E4-4931-85B7-B6B0A3E78507}
		{66F96008-C5E6-47E1-B94C-8079AFF55C2C} = {66F96008-C5E6-47E1-B94C-8079AFF55C2C}
		{14B6655B-D5EB-4190-A26C-BAB4FCD367BB} = {14B6655B-D5EB-4190-A26C-BAB4FCD367BB}
		{E7A17AB6-3B8E-4B62-8AFD-897F476C0AD8} = {E7A17AB6-3B8E-4B62-8AFD-897F476C0AD8}
		{045F9C55-34B3-41A8-ACC8-007100EFD02D} = {045F9C55-34B3-41A8-ACC8-007100EFD02D}
	EndProjectSection
EndProject
Project("{8BC9CEB8-8B4A-11D0-8D11-00A0C91BC942}") = "AppConstraintDemo", "Demos\ConstraintDemo\AppConstraintDemo.vcproj", "{8D61C4EC-57EE-480E-B663-F02A0695FFB5}"
	ProjectSection(ProjectDependencies) = postProject
		{096A01BA-75E4-4931-85B7-B6B0A3E78507} = {096A01BA-75E4-4931-85B7-B6B0A3E78507}
		{66F96008-C5E6-47E1-B94C-8079AFF55C2C} = {66F96008-C5E6-47E1-B94C-8079AFF55C2C}
		{A1B3573F-59B2-4763-ADE9-BA9CC2ADDFE6} = {A1B3573F-59B2-4763-ADE9-BA9CC2ADDFE6}
		{A227F5B3-BE95-4E54-A844-86775A3BFDB9} = {A227F5B3-BE95-4E54-A844-86775A3BFDB9}
		{14B6655B-D5EB-4190-A26C-BAB4FCD367BB} = {14B6655B-D5EB-4190-A26C-BAB4FCD367BB}
		{E7A17AB6-3B8E-4B62-8AFD-897F476C0AD8} = {E7A17AB6-3B8E-4B62-8AFD-897F476C0AD8}
		{045F9C55-34B3-41A8-ACC8-007100EFD02D} = {045F9C55-34B3-41A8-ACC8-007100EFD02D}
	EndProjectSection
EndProject
Project("{8BC9CEB8-8B4A-11D0-8D11-00A0C91BC942}") = "AppContinuousConvexCollisionDemo", "Demos\ContinuousConvexCollision\AppContinuousConvexCollisionDemo.vcproj", "{D867883F-D6D3-48C5-B254-08A4BB26D900}"
	ProjectSection(ProjectDependencies) = postProject
		{096A01BA-75E4-4931-85B7-B6B0A3E78507} = {096A01BA-75E4-4931-85B7-B6B0A3E78507}
		{66F96008-C5E6-47E1-B94C-8079AFF55C2C} = {66F96008-C5E6-47E1-B94C-8079AFF55C2C}
		{14B6655B-D5EB-4190-A26C-BAB4FCD367BB} = {14B6655B-D5EB-4190-A26C-BAB4FCD367BB}
		{E7A17AB6-3B8E-4B62-8AFD-897F476C0AD8} = {E7A17AB6-3B8E-4B62-8AFD-897F476C0AD8}
		{045F9C55-34B3-41A8-ACC8-007100EFD02D} = {045F9C55-34B3-41A8-ACC8-007100EFD02D}
	EndProjectSection
EndProject
Project("{8BC9CEB8-8B4A-11D0-8D11-00A0C91BC942}") = "AppConvexDecompositionDemo", "Demos\ConvexDecompositionDemo\AppConvexDecompositionDemo.vcproj", "{DD4AD272-D1AC-429F-A3A4-B9699696F0E0}"
	ProjectSection(ProjectDependencies) = postProject
		{096A01BA-75E4-4931-85B7-B6B0A3E78507} = {096A01BA-75E4-4931-85B7-B6B0A3E78507}
		{66F96008-C5E6-47E1-B94C-8079AFF55C2C} = {66F96008-C5E6-47E1-B94C-8079AFF55C2C}
		{A1B3573F-59B2-4763-ADE9-BA9CC2ADDFE6} = {A1B3573F-59B2-4763-ADE9-BA9CC2ADDFE6}
		{A227F5B3-BE95-4E54-A844-86775A3BFDB9} = {A227F5B3-BE95-4E54-A844-86775A3BFDB9}
		{2F2578C2-F07F-4559-B8D3-73948A48E958} = {2F2578C2-F07F-4559-B8D3-73948A48E958}
		{D1322DE3-646B-4785-8D50-923016EED93C} = {D1322DE3-646B-4785-8D50-923016EED93C}
		{14B6655B-D5EB-4190-A26C-BAB4FCD367BB} = {14B6655B-D5EB-4190-A26C-BAB4FCD367BB}
		{E7A17AB6-3B8E-4B62-8AFD-897F476C0AD8} = {E7A17AB6-3B8E-4B62-8AFD-897F476C0AD8}
		{045F9C55-34B3-41A8-ACC8-007100EFD02D} = {045F9C55-34B3-41A8-ACC8-007100EFD02D}
	EndProjectSection
EndProject
Project("{8BC9CEB8-8B4A-11D0-8D11-00A0C91BC942}") = "AppConvexHullDistanceDemo", "Demos\ConvexHullDistance\AppConvexHullDistanceDemo.vcproj", "{717CBBD9-C387-4C38-9A5D-3019D552D386}"
	ProjectSection(ProjectDependencies) = postProject
		{096A01BA-75E4-4931-85B7-B6B0A3E78507} = {096A01BA-75E4-4931-85B7-B6B0A3E78507}
		{66F96008-C5E6-47E1-B94C-8079AFF55C2C} = {66F96008-C5E6-47E1-B94C-8079AFF55C2C}
		{14B6655B-D5EB-4190-A26C-BAB4FCD367BB} = {14B6655B-D5EB-4190-A26C-BAB4FCD367BB}
		{E7A17AB6-3B8E-4B62-8AFD-897F476C0AD8} = {E7A17AB6-3B8E-4B62-8AFD-897F476C0AD8}
		{045F9C55-34B3-41A8-ACC8-007100EFD02D} = {045F9C55-34B3-41A8-ACC8-007100EFD02D}
	EndProjectSection
EndProject
Project("{8BC9CEB8-8B4A-11D0-8D11-00A0C91BC942}") = "AppDoublePrecisionDemo", "Demos\DoublePrecisionDemo\AppDoublePrecisionDemo.vcproj", "{12B19225-5FA4-459B-9247-EF0A6664A174}"
	ProjectSection(ProjectDependencies) = postProject
		{096A01BA-75E4-4931-85B7-B6B0A3E78507} = {096A01BA-75E4-4931-85B7-B6B0A3E78507}
		{66F96008-C5E6-47E1-B94C-8079AFF55C2C} = {66F96008-C5E6-47E1-B94C-8079AFF55C2C}
		{14B6655B-D5EB-4190-A26C-BAB4FCD367BB} = {14B6655B-D5EB-4190-A26C-BAB4FCD367BB}
		{E7A17AB6-3B8E-4B62-8AFD-897F476C0AD8} = {E7A17AB6-3B8E-4B62-8AFD-897F476C0AD8}
		{045F9C55-34B3-41A8-ACC8-007100EFD02D} = {045F9C55-34B3-41A8-ACC8-007100EFD02D}
	EndProjectSection
EndProject
Project("{8BC9CEB8-8B4A-11D0-8D11-00A0C91BC942}") = "AppForkLiftDemo", "Demos\ForkLiftDemo\AppForkLiftDemo.vcproj", "{63440627-4878-4CE4-839C-C8256BDB5C81}"
	ProjectSection(ProjectDependencies) = postProject
		{096A01BA-75E4-4931-85B7-B6B0A3E78507} = {096A01BA-75E4-4931-85B7-B6B0A3E78507}
		{66F96008-C5E6-47E1-B94C-8079AFF55C2C} = {66F96008-C5E6-47E1-B94C-8079AFF55C2C}
		{14B6655B-D5EB-4190-A26C-BAB4FCD367BB} = {14B6655B-D5EB-4190-A26C-BAB4FCD367BB}
		{E7A17AB6-3B8E-4B62-8AFD-897F476C0AD8} = {E7A17AB6-3B8E-4B62-8AFD-897F476C0AD8}
		{045F9C55-34B3-41A8-ACC8-007100EFD02D} = {045F9C55-34B3-41A8-ACC8-007100EFD02D}
	EndProjectSection
EndProject
Project("{8BC9CEB8-8B4A-11D0-8D11-00A0C91BC942}") = "AppFractureDemo", "Demos\FractureDemo\AppFractureDemo.vcproj", "{35B3299F-29FD-4B32-B619-CB78A7F1C72F}"
	ProjectSection(ProjectDependencies) = postProject
		{096A01BA-75E4-4931-85B7-B6B0A3E78507} = {096A01BA-75E4-4931-85B7-B6B0A3E78507}
		{66F96008-C5E6-47E1-B94C-8079AFF55C2C} = {66F96008-C5E6-47E1-B94C-8079AFF55C2C}
		{14B6655B-D5EB-4190-A26C-BAB4FCD367BB} = {14B6655B-D5EB-4190-A26C-BAB4FCD367BB}
		{E7A17AB6-3B8E-4B62-8AFD-897F476C0AD8} = {E7A17AB6-3B8E-4B62-8AFD-897F476C0AD8}
		{045F9C55-34B3-41A8-ACC8-007100EFD02D} = {045F9C55-34B3-41A8-ACC8-007100EFD02D}
	EndProjectSection
EndProject
Project("{8BC9CEB8-8B4A-11D0-8D11-00A0C91BC942}") = "AppGenericJointDemo", "Demos\GenericJointDemo\AppGenericJointDemo.vcproj", "{9779D66B-A863-44D2-AECC-9B1CFD30FB15}"
	ProjectSection(ProjectDependencies) = postProject
		{096A01BA-75E4-4931-85B7-B6B0A3E78507} = {096A01BA-75E4-4931-85B7-B6B0A3E78507}
		{66F96008-C5E6-47E1-B94C-8079AFF55C2C} = {66F96008-C5E6-47E1-B94C-8079AFF55C2C}
		{14B6655B-D5EB-4190-A26C-BAB4FCD367BB} = {14B6655B-D5EB-4190-A26C-BAB4FCD367BB}
		{E7A17AB6-3B8E-4B62-8AFD-897F476C0AD8} = {E7A17AB6-3B8E-4B62-8AFD-897F476C0AD8}
		{045F9C55-34B3-41A8-ACC8-007100EFD02D} = {045F9C55-34B3-41A8-ACC8-007100EFD02D}
	EndProjectSection
EndProject
Project("{8BC9CEB8-8B4A-11D0-8D11-00A0C91BC942}") = "AppHelloWorld", "Demos\HelloWorld\AppHelloWorld.vcproj", "{1F9AFD06-CB62-485A-8A94-754179487E99}"
	ProjectSection(ProjectDependencies) = postProject
		{096A01BA-75E4-4931-85B7-B6B0A3E78507} = {096A01BA-75E4-4931-85B7-B6B0A3E78507}
		{66F96008-C5E6-47E1-B94C-8079AFF55C2C} = {66F96008-C5E6-47E1-B94C-8079AFF55C2C}
		{14B6655B-D5EB-4190-A26C-BAB4FCD367BB} = {14B6655B-D5EB-4190-A26C-BAB4FCD367BB}
		{045F9C55-34B3-41A8-ACC8-007100EFD02D} = {045F9C55-34B3-41A8-ACC8-007100EFD02D}
	EndProjectSection
EndProject
Project("{8BC9CEB8-8B4A-11D0-8D11-00A0C91BC942}") = "AppInternalEdgeDemo", "Demos\InternalEdgeDemo\AppInternalEdgeDemo.vcproj", "{ECD5D139-BEE9-47EC-A534-323593DD410D}"
	ProjectSection(ProjectDependencies) = postProject
		{096A01BA-75E4-4931-85B7-B6B0A3E78507} = {096A01BA-75E4-4931-85B7-B6B0A3E78507}
		{66F96008-C5E6-47E1-B94C-8079AFF55C2C} = {66F96008-C5E6-47E1-B94C-8079AFF55C2C}
		{14B6655B-D5EB-4190-A26C-BAB4FCD367BB} = {14B6655B-D5EB-4190-A26C-BAB4FCD367BB}
		{E7A17AB6-3B8E-4B62-8AFD-897F476C0AD8} = {E7A17AB6-3B8E-4B62-8AFD-897F476C0AD8}
		{045F9C55-34B3-41A8-ACC8-007100EFD02D} = {045F9C55-34B3-41A8-ACC8-007100EFD02D}
	EndProjectSection
EndProject
Project("{8BC9CEB8-8B4A-11D0-8D11-00A0C91BC942}") = "AppLinearConvexCastDemo", "Demos\GjkConvexCastDemo\AppLinearConvexCastDemo.vcproj", "{C0291197-F92F-4016-8E6B-6B30331B4D03}"
	ProjectSection(ProjectDependencies) = postProject
		{096A01BA-75E4-4931-85B7-B6B0A3E78507} = {096A01BA-75E4-4931-85B7-B6B0A3E78507}
		{66F96008-C5E6-47E1-B94C-8079AFF55C2C} = {66F96008-C5E6-47E1-B94C-8079AFF55C2C}
		{14B6655B-D5EB-4190-A26C-BAB4FCD367BB} = {14B6655B-D5EB-4190-A26C-BAB4FCD367BB}
		{E7A17AB6-3B8E-4B62-8AFD-897F476C0AD8} = {E7A17AB6-3B8E-4B62-8AFD-897F476C0AD8}
		{045F9C55-34B3-41A8-ACC8-007100EFD02D} = {045F9C55-34B3-41A8-ACC8-007100EFD02D}
	EndProjectSection
EndProject
Project("{8BC9CEB8-8B4A-11D0-8D11-00A0C91BC942}") = "AppMotorDemo", "Demos\DynamicControlDemo\AppMotorDemo.vcproj", "{692B4D6F-CA4A-458E-91C3-103CA628D821}"
	ProjectSection(ProjectDependencies) = postProject
		{096A01BA-75E4-4931-85B7-B6B0A3E78507} = {096A01BA-75E4-4931-85B7-B6B0A3E78507}
		{66F96008-C5E6-47E1-B94C-8079AFF55C2C} = {66F96008-C5E6-47E1-B94C-8079AFF55C2C}
		{14B6655B-D5EB-4190-A26C-BAB4FCD367BB} = {14B6655B-D5EB-4190-A26C-BAB4FCD367BB}
		{E7A17AB6-3B8E-4B62-8AFD-897F476C0AD8} = {E7A17AB6-3B8E-4B62-8AFD-897F476C0AD8}
		{045F9C55-34B3-41A8-ACC8-007100EFD02D} = {045F9C55-34B3-41A8-ACC8-007100EFD02D}
	EndProjectSection
EndProject
Project("{8BC9CEB8-8B4A-11D0-8D11-00A0C91BC942}") = "AppMovingConcaveDemo", "Demos\MovingConcaveDemo\AppMovingConcaveDemo.vcproj", "{F49EDEB5-EE04-43FA-B1D5-E2F785FB9E77}"
	ProjectSection(ProjectDependencies) = postProject
		{096A01BA-75E4-4931-85B7-B6B0A3E78507} = {096A01BA-75E4-4931-85B7-B6B0A3E78507}
		{66F96008-C5E6-47E1-B94C-8079AFF55C2C} = {66F96008-C5E6-47E1-B94C-8079AFF55C2C}
		{14B6655B-D5EB-4190-A26C-BAB4FCD367BB} = {14B6655B-D5EB-4190-A26C-BAB4FCD367BB}
		{E7A17AB6-3B8E-4B62-8AFD-897F476C0AD8} = {E7A17AB6-3B8E-4B62-8AFD-897F476C0AD8}
		{045F9C55-34B3-41A8-ACC8-007100EFD02D} = {045F9C55-34B3-41A8-ACC8-007100EFD02D}
	EndProjectSection
EndProject
Project("{8BC9CEB8-8B4A-11D0-8D11-00A0C91BC942}") = "AppMultiMaterialDemo", "Demos\MultiMaterialDemo\AppMultiMaterialDemo.vcproj", "{CFF91214-ECE7-49F3-A1DF-F2B74597660F}"
	ProjectSection(ProjectDependencies) = postProject
		{096A01BA-75E4-4931-85B7-B6B0A3E78507} = {096A01BA-75E4-4931-85B7-B6B0A3E78507}
		{66F96008-C5E6-47E1-B94C-8079AFF55C2C} = {66F96008-C5E6-47E1-B94C-8079AFF55C2C}
		{14B6655B-D5EB-4190-A26C-BAB4FCD367BB} = {14B6655B-D5EB-4190-A26C-BAB4FCD367BB}
		{E7A17AB6-3B8E-4B62-8AFD-897F476C0AD8} = {E7A17AB6-3B8E-4B62-8AFD-897F476C0AD8}
		{045F9C55-34B3-41A8-ACC8-007100EFD02D} = {045F9C55-34B3-41A8-ACC8-007100EFD02D}
	EndProjectSection
EndProject
Project("{8BC9CEB8-8B4A-11D0-8D11-00A0C91BC942}") = "AppMultiThreadedDemo", "Demos\MultiThreadedDemo\AppMultiThreadedDemo.vcproj", "{F4227889-217F-4BA5-9B32-71913C0A7C7B}"
	ProjectSection(ProjectDependencies) = postProject
		{096A01BA-75E4-4931-85B7-B6B0A3E78507} = {096A01BA-75E4-4931-85B7-B6B0A3E78507}
		{66F96008-C5E6-47E1-B94C-8079AFF55C2C} = {66F96008-C5E6-47E1-B94C-8079AFF55C2C}
		{CAEF666E-AFF1-4705-897B-A73B35CFE74B} = {CAEF666E-AFF1-4705-897B-A73B35CFE74B}
		{14B6655B-D5EB-4190-A26C-BAB4FCD367BB} = {14B6655B-D5EB-4190-A26C-BAB4FCD367BB}
		{E7A17AB6-3B8E-4B62-8AFD-897F476C0AD8} = {E7A17AB6-3B8E-4B62-8AFD-897F476C0AD8}
		{045F9C55-34B3-41A8-ACC8-007100EFD02D} = {045F9C55-34B3-41A8-ACC8-007100EFD02D}
	EndProjectSection
EndProject
Project("{8BC9CEB8-8B4A-11D0-8D11-00A0C91BC942}") = "AppOpenCLClothDemo_Mini", "Demos\OpenCLClothDemo\MiniCL\AppOpenCLClothDemo_Mini.vcproj", "{9E2F0014-E112-464E-9502-1BF6492BF0EF}"
	ProjectSection(ProjectDependencies) = postProject
		{096A01BA-75E4-4931-85B7-B6B0A3E78507} = {096A01BA-75E4-4931-85B7-B6B0A3E78507}
		{66F96008-C5E6-47E1-B94C-8079AFF55C2C} = {66F96008-C5E6-47E1-B94C-8079AFF55C2C}
		{CAEF666E-AFF1-4705-897B-A73B35CFE74B} = {CAEF666E-AFF1-4705-897B-A73B35CFE74B}
		{50F304BD-5407-4F3D-8EE9-6E6D43343BC1} = {50F304BD-5407-4F3D-8EE9-6E6D43343BC1}
		{B0E8E847-65D9-4CD5-8920-A2257B2E9636} = {B0E8E847-65D9-4CD5-8920-A2257B2E9636}
		{3E4C2B32-8BCE-4DB2-89B7-A5F94061A924} = {3E4C2B32-8BCE-4DB2-89B7-A5F94061A924}
		{14B6655B-D5EB-4190-A26C-BAB4FCD367BB} = {14B6655B-D5EB-4190-A26C-BAB4FCD367BB}
		{4D44965D-F37F-45E3-AEB0-A8D2DC733740} = {4D44965D-F37F-45E3-AEB0-A8D2DC733740}
		{E7A17AB6-3B8E-4B62-8AFD-897F476C0AD8} = {E7A17AB6-3B8E-4B62-8AFD-897F476C0AD8}
		{045F9C55-34B3-41A8-ACC8-007100EFD02D} = {045F9C55-34B3-41A8-ACC8-007100EFD02D}
	EndProjectSection
EndProject
Project("{8BC9CEB8-8B4A-11D0-8D11-00A0C91BC942}") = "AppParticlesOCL_Mini", "Demos\ParticlesOpenCL\MiniCL\AppParticlesOCL_Mini.vcproj", "{0B53964F-3201-4BA4-A0C5-873D4D89180B}"
	ProjectSection(ProjectDependencies) = postProject
		{096A01BA-75E4-4931-85B7-B6B0A3E78507} = {096A01BA-75E4-4931-85B7-B6B0A3E78507}
		{66F96008-C5E6-47E1-B94C-8079AFF55C2C} = {66F96008-C5E6-47E1-B94C-8079AFF55C2C}
		{CAEF666E-AFF1-4705-897B-A73B35CFE74B} = {CAEF666E-AFF1-4705-897B-A73B35CFE74B}
		{14B6655B-D5EB-4190-A26C-BAB4FCD367BB} = {14B6655B-D5EB-4190-A26C-BAB4FCD367BB}
		{4D44965D-F37F-45E3-AEB0-A8D2DC733740} = {4D44965D-F37F-45E3-AEB0-A8D2DC733740}
		{E7A17AB6-3B8E-4B62-8AFD-897F476C0AD8} = {E7A17AB6-3B8E-4B62-8AFD-897F476C0AD8}
		{045F9C55-34B3-41A8-ACC8-007100EFD02D} = {045F9C55-34B3-41A8-ACC8-007100EFD02D}
	EndProjectSection
EndProject
Project("{8BC9CEB8-8B4A-11D0-8D11-00A0C91BC942}") = "AppRagdollDemo", "Demos\RagdollDemo\AppRagdollDemo.vcproj", "{50BF6BD5-937E-4D78-AF2C-E65AECE85C18}"
	ProjectSection(ProjectDependencies) = postProject
		{096A01BA-75E4-4931-85B7-B6B0A3E78507} = {096A01BA-75E4-4931-85B7-B6B0A3E78507}
		{66F96008-C5E6-47E1-B94C-8079AFF55C2C} = {66F96008-C5E6-47E1-B94C-8079AFF55C2C}
		{14B6655B-D5EB-4190-A26C-BAB4FCD367BB} = {14B6655B-D5EB-4190-A26C-BAB4FCD367BB}
		{E7A17AB6-3B8E-4B62-8AFD-897F476C0AD8} = {E7A17AB6-3B8E-4B62-8AFD-897F476C0AD8}
		{045F9C55-34B3-41A8-ACC8-007100EFD02D} = {045F9C55-34B3-41A8-ACC8-007100EFD02D}
	EndProjectSection
EndProject
Project("{8BC9CEB8-8B4A-11D0-8D11-00A0C91BC942}") = "AppRaytracer", "Demos\Raytracer\AppRaytracer.vcproj", "{9C6ECA56-74AF-499C-886C-46004F8E9F73}"
	ProjectSection(ProjectDependencies) = postProject
		{096A01BA-75E4-4931-85B7-B6B0A3E78507} = {096A01BA-75E4-4931-85B7-B6B0A3E78507}
		{66F96008-C5E6-47E1-B94C-8079AFF55C2C} = {66F96008-C5E6-47E1-B94C-8079AFF55C2C}
		{14B6655B-D5EB-4190-A26C-BAB4FCD367BB} = {14B6655B-D5EB-4190-A26C-BAB4FCD367BB}
		{E7A17AB6-3B8E-4B62-8AFD-897F476C0AD8} = {E7A17AB6-3B8E-4B62-8AFD-897F476C0AD8}
		{045F9C55-34B3-41A8-ACC8-007100EFD02D} = {045F9C55-34B3-41A8-ACC8-007100EFD02D}
	EndProjectSection
EndProject
Project("{8BC9CEB8-8B4A-11D0-8D11-00A0C91BC942}") = "AppSerializeDemo", "Demos\SerializeDemo\AppSerializeDemo.vcproj", "{9586426F-7222-4CFC-98B4-108F091ED0E9}"
	ProjectSection(ProjectDependencies) = postProject
		{096A01BA-75E4-4931-85B7-B6B0A3E78507} = {096A01BA-75E4-4931-85B7-B6B0A3E78507}
		{66F96008-C5E6-47E1-B94C-8079AFF55C2C} = {66F96008-C5E6-47E1-B94C-8079AFF55C2C}
		{A1B3573F-59B2-4763-ADE9-BA9CC2ADDFE6} = {A1B3573F-59B2-4763-ADE9-BA9CC2ADDFE6}
		{50F304BD-5407-4F3D-8EE9-6E6D43343BC1} = {50F304BD-5407-4F3D-8EE9-6E6D43343BC1}
		{A227F5B3-BE95-4E54-A844-86775A3BFDB9} = {A227F5B3-BE95-4E54-A844-86775A3BFDB9}
		{14B6655B-D5EB-4190-A26C-BAB4FCD367BB} = {14B6655B-D5EB-4190-A26C-BAB4FCD367BB}
		{E7A17AB6-3B8E-4B62-8AFD-897F476C0AD8} = {E7A17AB6-3B8E-4B62-8AFD-897F476C0AD8}
		{045F9C55-34B3-41A8-ACC8-007100EFD02D} = {045F9C55-34B3-41A8-ACC8-007100EFD02D}
	EndProjectSection
EndProject
Project("{8BC9CEB8-8B4A-11D0-8D11-00A0C91BC942}") = "AppSimplexDemo", "Demos\SimplexDemo\AppSimplexDemo.vcproj", "{2D6B73E0-DBF8-41E8-82AD-DF8984061EFC}"
	ProjectSection(ProjectDependencies) = postProject
		{096A01BA-75E4-4931-85B7-B6B0A3E78507} = {096A01BA-75E4-4931-85B7-B6B0A3E78507}
		{66F96008-C5E6-47E1-B94C-8079AFF55C2C} = {66F96008-C5E6-47E1-B94C-8079AFF55C2C}
		{14B6655B-D5EB-4190-A26C-BAB4FCD367BB} = {14B6655B-D5EB-4190-A26C-BAB4FCD367BB}
		{E7A17AB6-3B8E-4B62-8AFD-897F476C0AD8} = {E7A17AB6-3B8E-4B62-8AFD-897F476C0AD8}
		{045F9C55-34B3-41A8-ACC8-007100EFD02D} = {045F9C55-34B3-41A8-ACC8-007100EFD02D}
	EndProjectSection
EndProject
Project("{8BC9CEB8-8B4A-11D0-8D11-00A0C91BC942}") = "AppSliderConstraintDemo", "Demos\SliderConstraintDemo\AppSliderConstraintDemo.vcproj", "{36E12615-8972-4D8F-95F4-C3CB18CAEB1A}"
	ProjectSection(ProjectDependencies) = postProject
		{096A01BA-75E4-4931-85B7-B6B0A3E78507} = {096A01BA-75E4-4931-85B7-B6B0A3E78507}
		{66F96008-C5E6-47E1-B94C-8079AFF55C2C} = {66F96008-C5E6-47E1-B94C-8079AFF55C2C}
		{14B6655B-D5EB-4190-A26C-BAB4FCD367BB} = {14B6655B-D5EB-4190-A26C-BAB4FCD367BB}
		{E7A17AB6-3B8E-4B62-8AFD-897F476C0AD8} = {E7A17AB6-3B8E-4B62-8AFD-897F476C0AD8}
		{045F9C55-34B3-41A8-ACC8-007100EFD02D} = {045F9C55-34B3-41A8-ACC8-007100EFD02D}
	EndProjectSection
EndProject
Project("{8BC9CEB8-8B4A-11D0-8D11-00A0C91BC942}") = "AppSoftBodyDemo", "Demos\SoftDemo\AppSoftBodyDemo.vcproj", "{AA40BC3F-8F4F-4983-8E1F-5789970925A7}"
	ProjectSection(ProjectDependencies) = postProject
		{096A01BA-75E4-4931-85B7-B6B0A3E78507} = {096A01BA-75E4-4931-85B7-B6B0A3E78507}
		{66F96008-C5E6-47E1-B94C-8079AFF55C2C} = {66F96008-C5E6-47E1-B94C-8079AFF55C2C}
		{50F304BD-5407-4F3D-8EE9-6E6D43343BC1} = {50F304BD-5407-4F3D-8EE9-6E6D43343BC1}
		{14B6655B-D5EB-4190-A26C-BAB4FCD367BB} = {14B6655B-D5EB-4190-A26C-BAB4FCD367BB}
		{E7A17AB6-3B8E-4B62-8AFD-897F476C0AD8} = {E7A17AB6-3B8E-4B62-8AFD-897F476C0AD8}
		{045F9C55-34B3-41A8-ACC8-007100EFD02D} = {045F9C55-34B3-41A8-ACC8-007100EFD02D}
	EndProjectSection
EndProject
Project("{8BC9CEB8-8B4A-11D0-8D11-00A0C91BC942}") = "AppThreadingDemo", "Demos\ThreadingDemo\AppThreadingDemo.vcproj", "{46A7D9D6-2F36-45F5-84B1-2805B30535DF}"
	ProjectSection(ProjectDependencies) = postProject
		{096A01BA-75E4-4931-85B7-B6B0A3E78507} = {096A01BA-75E4-4931-85B7-B6B0A3E78507}
		{66F96008-C5E6-47E1-B94C-8079AFF55C2C} = {66F96008-C5E6-47E1-B94C-8079AFF55C2C}
		{CAEF666E-AFF1-4705-897B-A73B35CFE74B} = {CAEF666E-AFF1-4705-897B-A73B35CFE74B}
		{14B6655B-D5EB-4190-A26C-BAB4FCD367BB} = {14B6655B-D5EB-4190-A26C-BAB4FCD367BB}
		{045F9C55-34B3-41A8-ACC8-007100EFD02D} = {045F9C55-34B3-41A8-ACC8-007100EFD02D}
	EndProjectSection
EndProject
Project("{8BC9CEB8-8B4A-11D0-8D11-00A0C91BC942}") = "AppUserCollisionAlgorithm", "Demos\UserCollisionAlgorithm\AppUserCollisionAlgorithm.vcproj", "{7670F1D5-5FF3-4B35-8B4A-6185D09A3B28}"
	ProjectSection(ProjectDependencies) = postProject
		{096A01BA-75E4-4931-85B7-B6B0A3E78507} = {096A01BA-75E4-4931-85B7-B6B0A3E78507}
		{66F96008-C5E6-47E1-B94C-8079AFF55C2C} = {66F96008-C5E6-47E1-B94C-8079AFF55C2C}
		{14B6655B-D5EB-4190-A26C-BAB4FCD367BB} = {14B6655B-D5EB-4190-A26C-BAB4FCD367BB}
		{E7A17AB6-3B8E-4B62-8AFD-897F476C0AD8} = {E7A17AB6-3B8E-4B62-8AFD-897F476C0AD8}
		{045F9C55-34B3-41A8-ACC8-007100EFD02D} = {045F9C55-34B3-41A8-ACC8-007100EFD02D}
	EndProjectSection
EndProject
Project("{8BC9CEB8-8B4A-11D0-8D11-00A0C91BC942}") = "AppVectorAdd_Mini", "Demos\VectorAdd_OpenCL\MiniCL\AppVectorAdd_Mini.vcproj", "{B080C6DD-31EC-4809-A0D8-741CAFE47F75}"
	ProjectSection(ProjectDependencies) = postProject
		{CAEF666E-AFF1-4705-897B-A73B35CFE74B} = {CAEF666E-AFF1-4705-897B-A73B35CFE74B}
		{14B6655B-D5EB-4190-A26C-BAB4FCD367BB} = {14B6655B-D5EB-4190-A26C-BAB4FCD367BB}
		{4D44965D-F37F-45E3-AEB0-A8D2DC733740} = {4D44965D-F37F-45E3-AEB0-A8D2DC733740}
		{045F9C55-34B3-41A8-ACC8-007100EFD02D} = {045F9C55-34B3-41A8-ACC8-007100EFD02D}
	EndProjectSection
EndProject
Project("{8BC9CEB8-8B4A-11D0-8D11-00A0C91BC942}") = "AppVehicleDemo", "Demos\VehicleDemo\AppVehicleDemo.vcproj", "{C3C8378E-7539-4199-A8D4-A86B9C91381C}"
	ProjectSection(ProjectDependencies) = postProject
		{096A01BA-75E4-4931-85B7-B6B0A3E78507} = {096A01BA-75E4-4931-85B7-B6B0A3E78507}
		{66F96008-C5E6-47E1-B94C-8079AFF55C2C} = {66F96008-C5E6-47E1-B94C-8079AFF55C2C}
		{14B6655B-D5EB-4190-A26C-BAB4FCD367BB} = {14B6655B-D5EB-4190-A26C-BAB4FCD367BB}
		{E7A17AB6-3B8E-4B62-8AFD-897F476C0AD8} = {E7A17AB6-3B8E-4B62-8AFD-897F476C0AD8}
		{045F9C55-34B3-41A8-ACC8-007100EFD02D} = {045F9C55-34B3-41A8-ACC8-007100EFD02D}
	EndProjectSection
EndProject
Project("{8BC9CEB8-8B4A-11D0-8D11-00A0C91BC942}") = "BulletCollision", "src\BulletCollision\BulletCollision.vcproj", "{096A01BA-75E4-4931-85B7-B6B0A3E78507}"
	ProjectSection(ProjectDependencies) = postProject
		{045F9C55-34B3-41A8-ACC8-007100EFD02D} = {045F9C55-34B3-41A8-ACC8-007100EFD02D}
	EndProjectSection
EndProject
Project("{8BC9CEB8-8B4A-11D0-8D11-00A0C91BC942}") = "BulletDynamics", "src\BulletDynamics\BulletDynamics.vcproj", "{66F96008-C5E6-47E1-B94C-8079AFF55C2C}"
	ProjectSection(ProjectDependencies) = postProject
		{045F9C55-34B3-41A8-ACC8-007100EFD02D} = {045F9C55-34B3-41A8-ACC8-007100EFD02D}
	EndProjectSection
EndProject
Project("{8BC9CEB8-8B4A-11D0-8D11-00A0C91BC942}") = "BulletFileLoader", "Extras\Serialize\BulletFileLoader\BulletFileLoader.vcproj", "{A1B3573F-59B2-4763-ADE9-BA9CC2ADDFE6}"
	ProjectSection(ProjectDependencies) = postProject
		{045F9C55-34B3-41A8-ACC8-007100EFD02D} = {045F9C55-34B3-41A8-ACC8-007100EFD02D}
	EndProjectSection
EndProject
Project("{8BC9CEB8-8B4A-11D0-8D11-00A0C91BC942}") = "BulletMultiThreaded", "src\BulletMultiThreaded\BulletMultiThreaded.vcproj", "{CAEF666E-AFF1-4705-897B-A73B35CFE74B}"
	ProjectSection(ProjectDependencies) = postProject
		{045F9C55-34B3-41A8-ACC8-007100EFD02D} = {045F9C55-34B3-41A8-ACC8-007100EFD02D}
	EndProjectSection
EndProject
Project("{8BC9CEB8-8B4A-11D0-8D11-00A0C91BC942}") = "BulletSoftBody", "src\BulletSoftBody\BulletSoftBody.vcproj", "{50F304BD-5407-4F3D-8EE9-6E6D43343BC1}"
	ProjectSection(ProjectDependencies) = postProject
		{045F9C55-34B3-41A8-ACC8-007100EFD02D} = {045F9C55-34B3-41A8-ACC8-007100EFD02D}
	EndProjectSection
EndProject
Project("{8BC9CEB8-8B4A-11D0-8D11-00A0C91BC942}") = "BulletSoftBodySolvers_CPU", "src\BulletMultiThreaded\GpuSoftBodySolvers\CPU\BulletSoftBodySolvers_CPU.vcproj", "{B0E8E847-65D9-4CD5-8920-A2257B2E9636}"
	ProjectSection(ProjectDependencies) = postProject
		{045F9C55-34B3-41A8-ACC8-007100EFD02D} = {045F9C55-34B3-41A8-ACC8-007100EFD02D}
	EndProjectSection
EndProject
Project("{8BC9CEB8-8B4A-11D0-8D11-00A0C91BC942}") = "BulletSoftBodySolvers_OpenCL_Mini", "src\BulletMultiThreaded\GpuSoftBodySolvers\OpenCL\MiniCL\BulletSoftBodySolvers_OpenCL_Mini.vcproj", "{3E4C2B32-8BCE-4DB2-89B7-A5F94061A924}"
	ProjectSection(ProjectDependencies) = postProject
		{045F9C55-34B3-41A8-ACC8-007100EFD02D} = {045F9C55-34B3-41A8-ACC8-007100EFD02D}
	EndProjectSection
EndProject
Project("{8BC9CEB8-8B4A-11D0-8D11-00A0C91BC942}") = "BulletWorldImporter", "Extras\Serialize\BulletWorldImporter\BulletWorldImporter.vcproj", "{A227F5B3-BE95-4E54-A844-86775A3BFDB9}"
	ProjectSection(ProjectDependencies) = postProject
		{045F9C55-34B3-41A8-ACC8-007100EFD02D} = {045F9C55-34B3-41A8-ACC8-007100EFD02D}
	EndProjectSection
EndProject
Project("{8BC9CEB8-8B4A-11D0-8D11-00A0C91BC942}") = "ConvexDecomposition", "Extras\ConvexDecomposition\ConvexDecomposition.vcproj", "{2F2578C2-F07F-4559-B8D3-73948A48E958}"
	ProjectSection(ProjectDependencies) = postProject
		{045F9C55-34B3-41A8-ACC8-007100EFD02D} = {045F9C55-34B3-41A8-ACC8-007100EFD02D}
	EndProjectSection
EndProject
Project("{8BC9CEB8-8B4A-11D0-8D11-00A0C91BC942}") = "GIMPACTUtils", "Extras\GIMPACTUtils\GIMPACTUtils.vcproj", "{FBB1AC9E-E868-4CAD-94EA-380B3F378D09}"
	ProjectSection(ProjectDependencies) = postProject
		{045F9C55-34B3-41A8-ACC8-007100EFD02D} = {045F9C55-34B3-41A8-ACC8-007100EFD02D}
	EndProjectSection
EndProject
Project("{8BC9CEB8-8B4A-11D0-8D11-00A0C91BC942}") = "GLUI", "Extras\glui\GLUI.vcproj", "{A1EF6322-CCFE-41A9-9CFF-6564C09658AA}"
	ProjectSection(ProjectDependencies) = postProject
		{045F9C55-34B3-41A8-ACC8-007100EFD02D} = {045F9C55-34B3-41A8-ACC8-007100EFD02D}
	EndProjectSection
EndProject
Project("{8BC9CEB8-8B4A-11D0-8D11-00A0C91BC942}") = "HACD", "Extras\HACD\HACD.vcproj", "{D1322DE3-646B-4785-8D50-923016EED93C}"
	ProjectSection(ProjectDependencies) = postProject
		{045F9C55-34B3-41A8-ACC8-007100EFD02D} = {045F9C55-34B3-41A8-ACC8-007100EFD02D}
	EndProjectSection
EndProject
Project("{8BC9CEB8-8B4A-11D0-8D11-00A0C91BC942}") = "HfFluidDemo", "Demos\HeightFieldFluidDemo\HfFluidDemo.vcproj", "{B89253AF-FDD0-4F21-87D4-48A9A0758BFF}"
	ProjectSection(ProjectDependencies) = postProject
		{096A01BA-75E4-4931-85B7-B6B0A3E78507} = {096A01BA-75E4-4931-85B7-B6B0A3E78507}
		{66F96008-C5E6-47E1-B94C-8079AFF55C2C} = {66F96008-C5E6-47E1-B94C-8079AFF55C2C}
		{14B6655B-D5EB-4190-A26C-BAB4FCD367BB} = {14B6655B-D5EB-4190-A26C-BAB4FCD367BB}
		{E7A17AB6-3B8E-4B62-8AFD-897F476C0AD8} = {E7A17AB6-3B8E-4B62-8AFD-897F476C0AD8}
		{045F9C55-34B3-41A8-ACC8-007100EFD02D} = {045F9C55-34B3-41A8-ACC8-007100EFD02D}
	EndProjectSection
EndProject
Project("{8BC9CEB8-8B4A-11D0-8D11-00A0C91BC942}") = "LinearMath", "src\LinearMath\LinearMath.vcproj", "{14B6655B-D5EB-4190-A26C-BAB4FCD367BB}"
	ProjectSection(ProjectDependencies) = postProject
		{045F9C55-34B3-41A8-ACC8-007100EFD02D} = {045F9C55-34B3-41A8-ACC8-007100EFD02D}
	EndProjectSection
EndProject
Project("{8BC9CEB8-8B4A-11D0-8D11-00A0C91BC942}") = "MiniCL", "src\MiniCL\MiniCL.vcproj", "{4D44965D-F37F-45E3-AEB0-A8D2DC733740}"
	ProjectSection(ProjectDependencies) = postProject
		{045F9C55-34B3-41A8-ACC8-007100EFD02D} = {045F9C55-34B3-41A8-ACC8-007100EFD02D}
	EndProjectSection
EndProject
Project("{8BC9CEB8-8B4A-11D0-8D11-00A0C91BC942}") = "OpenGLSupport", "Demos\OpenGL\OpenGLSupport.vcproj", "{E7A17AB6-3B8E-4B62-8AFD-897F476C0AD8}"
	ProjectSection(ProjectDependencies) = postProject
		{045F9C55-34B3-41A8-ACC8-007100EFD02D} = {045F9C55-34B3-41A8-ACC8-007100EFD02D}
	EndProjectSection
EndProject
Project("{8BC9CEB8-8B4A-11D0-8D11-00A0C91BC942}") = "ZERO_CHECK", "ZERO_CHECK.vcproj", "{045F9C55-34B3-41A8-ACC8-007100EFD02D}"
	ProjectSection(ProjectDependencies) = postProject
	EndProjectSection
EndProject
Global
	GlobalSection(SolutionConfigurationPlatforms) = preSolution
		Debug|Win32 = Debug|Win32
		Release|Win32 = Release|Win32
		MinSizeRel|Win32 = MinSizeRel|Win32
		RelWithDebInfo|Win32 = RelWithDebInfo|Win32
	EndGlobalSection
	GlobalSection(ProjectConfigurationPlatforms) = postSolution
		{03F8B262-5A4D-4F9B-98E5-C37C33053826}.Debug|Win32.ActiveCfg = Debug|Win32
		{03F8B262-5A4D-4F9B-98E5-C37C33053826}.Release|Win32.ActiveCfg = Release|Win32
		{03F8B262-5A4D-4F9B-98E5-C37C33053826}.MinSizeRel|Win32.ActiveCfg = MinSizeRel|Win32
		{03F8B262-5A4D-4F9B-98E5-C37C33053826}.RelWithDebInfo|Win32.ActiveCfg = RelWithDebInfo|Win32
		{8F110F78-0814-4B4A-BF06-56DC8429D0C8}.Debug|Win32.ActiveCfg = Debug|Win32
		{8F110F78-0814-4B4A-BF06-56DC8429D0C8}.Debug|Win32.Build.0 = Debug|Win32
		{8F110F78-0814-4B4A-BF06-56DC8429D0C8}.Release|Win32.ActiveCfg = Release|Win32
		{8F110F78-0814-4B4A-BF06-56DC8429D0C8}.Release|Win32.Build.0 = Release|Win32
		{8F110F78-0814-4B4A-BF06-56DC8429D0C8}.MinSizeRel|Win32.ActiveCfg = MinSizeRel|Win32
		{8F110F78-0814-4B4A-BF06-56DC8429D0C8}.MinSizeRel|Win32.Build.0 = MinSizeRel|Win32
		{8F110F78-0814-4B4A-BF06-56DC8429D0C8}.RelWithDebInfo|Win32.ActiveCfg = RelWithDebInfo|Win32
		{8F110F78-0814-4B4A-BF06-56DC8429D0C8}.RelWithDebInfo|Win32.Build.0 = RelWithDebInfo|Win32
		{BF6B08FD-3C88-43BE-BE18-455AB8451060}.Debug|Win32.ActiveCfg = Debug|Win32
		{BF6B08FD-3C88-43BE-BE18-455AB8451060}.Debug|Win32.Build.0 = Debug|Win32
		{BF6B08FD-3C88-43BE-BE18-455AB8451060}.Release|Win32.ActiveCfg = Release|Win32
		{BF6B08FD-3C88-43BE-BE18-455AB8451060}.Release|Win32.Build.0 = Release|Win32
		{BF6B08FD-3C88-43BE-BE18-455AB8451060}.MinSizeRel|Win32.ActiveCfg = MinSizeRel|Win32
		{BF6B08FD-3C88-43BE-BE18-455AB8451060}.MinSizeRel|Win32.Build.0 = MinSizeRel|Win32
		{BF6B08FD-3C88-43BE-BE18-455AB8451060}.RelWithDebInfo|Win32.ActiveCfg = RelWithDebInfo|Win32
		{BF6B08FD-3C88-43BE-BE18-455AB8451060}.RelWithDebInfo|Win32.Build.0 = RelWithDebInfo|Win32
		{B133A89F-8105-4984-9C6F-5E53EE2F11F9}.Debug|Win32.ActiveCfg = Debug|Win32
		{B133A89F-8105-4984-9C6F-5E53EE2F11F9}.Debug|Win32.Build.0 = Debug|Win32
		{B133A89F-8105-4984-9C6F-5E53EE2F11F9}.Release|Win32.ActiveCfg = Release|Win32
		{B133A89F-8105-4984-9C6F-5E53EE2F11F9}.Release|Win32.Build.0 = Release|Win32
		{B133A89F-8105-4984-9C6F-5E53EE2F11F9}.MinSizeRel|Win32.ActiveCfg = MinSizeRel|Win32
		{B133A89F-8105-4984-9C6F-5E53EE2F11F9}.MinSizeRel|Win32.Build.0 = MinSizeRel|Win32
		{B133A89F-8105-4984-9C6F-5E53EE2F11F9}.RelWithDebInfo|Win32.ActiveCfg = RelWithDebInfo|Win32
		{B133A89F-8105-4984-9C6F-5E53EE2F11F9}.RelWithDebInfo|Win32.Build.0 = RelWithDebInfo|Win32
		{8CC82204-0E9B-4615-B0F2-46F7996C2FC2}.Debug|Win32.ActiveCfg = Debug|Win32
		{8CC82204-0E9B-4615-B0F2-46F7996C2FC2}.Debug|Win32.Build.0 = Debug|Win32
		{8CC82204-0E9B-4615-B0F2-46F7996C2FC2}.Release|Win32.ActiveCfg = Release|Win32
		{8CC82204-0E9B-4615-B0F2-46F7996C2FC2}.Release|Win32.Build.0 = Release|Win32
		{8CC82204-0E9B-4615-B0F2-46F7996C2FC2}.MinSizeRel|Win32.ActiveCfg = MinSizeRel|Win32
		{8CC82204-0E9B-4615-B0F2-46F7996C2FC2}.MinSizeRel|Win32.Build.0 = MinSizeRel|Win32
		{8CC82204-0E9B-4615-B0F2-46F7996C2FC2}.RelWithDebInfo|Win32.ActiveCfg = RelWithDebInfo|Win32
		{8CC82204-0E9B-4615-B0F2-46F7996C2FC2}.RelWithDebInfo|Win32.Build.0 = RelWithDebInfo|Win32
		{71D54119-62E7-4F43-A50A-C7EB9BA51EA7}.Debug|Win32.ActiveCfg = Debug|Win32
		{71D54119-62E7-4F43-A50A-C7EB9BA51EA7}.Debug|Win32.Build.0 = Debug|Win32
		{71D54119-62E7-4F43-A50A-C7EB9BA51EA7}.Release|Win32.ActiveCfg = Release|Win32
		{71D54119-62E7-4F43-A50A-C7EB9BA51EA7}.Release|Win32.Build.0 = Release|Win32
		{71D54119-62E7-4F43-A50A-C7EB9BA51EA7}.MinSizeRel|Win32.ActiveCfg = MinSizeRel|Win32
		{71D54119-62E7-4F43-A50A-C7EB9BA51EA7}.MinSizeRel|Win32.Build.0 = MinSizeRel|Win32
		{71D54119-62E7-4F43-A50A-C7EB9BA51EA7}.RelWithDebInfo|Win32.ActiveCfg = RelWithDebInfo|Win32
		{71D54119-62E7-4F43-A50A-C7EB9BA51EA7}.RelWithDebInfo|Win32.Build.0 = RelWithDebInfo|Win32
		{D1B65ADB-63CC-46F2-8EB2-A20B8F30E190}.Debug|Win32.ActiveCfg = Debug|Win32
		{D1B65ADB-63CC-46F2-8EB2-A20B8F30E190}.Debug|Win32.Build.0 = Debug|Win32
		{D1B65ADB-63CC-46F2-8EB2-A20B8F30E190}.Release|Win32.ActiveCfg = Release|Win32
		{D1B65ADB-63CC-46F2-8EB2-A20B8F30E190}.Release|Win32.Build.0 = Release|Win32
		{D1B65ADB-63CC-46F2-8EB2-A20B8F30E190}.MinSizeRel|Win32.ActiveCfg = MinSizeRel|Win32
		{D1B65ADB-63CC-46F2-8EB2-A20B8F30E190}.MinSizeRel|Win32.Build.0 = MinSizeRel|Win32
		{D1B65ADB-63CC-46F2-8EB2-A20B8F30E190}.RelWithDebInfo|Win32.ActiveCfg = RelWithDebInfo|Win32
		{D1B65ADB-63CC-46F2-8EB2-A20B8F30E190}.RelWithDebInfo|Win32.Build.0 = RelWithDebInfo|Win32
		{9387D742-B57A-47EE-BA90-C165086E115A}.Debug|Win32.ActiveCfg = Debug|Win32
		{9387D742-B57A-47EE-BA90-C165086E115A}.Debug|Win32.Build.0 = Debug|Win32
		{9387D742-B57A-47EE-BA90-C165086E115A}.Release|Win32.ActiveCfg = Release|Win32
		{9387D742-B57A-47EE-BA90-C165086E115A}.Release|Win32.Build.0 = Release|Win32
		{9387D742-B57A-47EE-BA90-C165086E115A}.MinSizeRel|Win32.ActiveCfg = MinSizeRel|Win32
		{9387D742-B57A-47EE-BA90-C165086E115A}.MinSizeRel|Win32.Build.0 = MinSizeRel|Win32
		{9387D742-B57A-47EE-BA90-C165086E115A}.RelWithDebInfo|Win32.ActiveCfg = RelWithDebInfo|Win32
		{9387D742-B57A-47EE-BA90-C165086E115A}.RelWithDebInfo|Win32.Build.0 = RelWithDebInfo|Win32
		{8AF03F4B-8E65-4431-B49A-85EFCF79CADF}.Debug|Win32.ActiveCfg = Debug|Win32
		{8AF03F4B-8E65-4431-B49A-85EFCF79CADF}.Debug|Win32.Build.0 = Debug|Win32
		{8AF03F4B-8E65-4431-B49A-85EFCF79CADF}.Release|Win32.ActiveCfg = Release|Win32
		{8AF03F4B-8E65-4431-B49A-85EFCF79CADF}.Release|Win32.Build.0 = Release|Win32
		{8AF03F4B-8E65-4431-B49A-85EFCF79CADF}.MinSizeRel|Win32.ActiveCfg = MinSizeRel|Win32
		{8AF03F4B-8E65-4431-B49A-85EFCF79CADF}.MinSizeRel|Win32.Build.0 = MinSizeRel|Win32
		{8AF03F4B-8E65-4431-B49A-85EFCF79CADF}.RelWithDebInfo|Win32.ActiveCfg = RelWithDebInfo|Win32
		{8AF03F4B-8E65-4431-B49A-85EFCF79CADF}.RelWithDebInfo|Win32.Build.0 = RelWithDebInfo|Win32
		{42C4993A-AA11-48AD-9536-AD4F6E8633B1}.Debug|Win32.ActiveCfg = Debug|Win32
		{42C4993A-AA11-48AD-9536-AD4F6E8633B1}.Debug|Win32.Build.0 = Debug|Win32
		{42C4993A-AA11-48AD-9536-AD4F6E8633B1}.Release|Win32.ActiveCfg = Release|Win32
		{42C4993A-AA11-48AD-9536-AD4F6E8633B1}.Release|Win32.Build.0 = Release|Win32
		{42C4993A-AA11-48AD-9536-AD4F6E8633B1}.MinSizeRel|Win32.ActiveCfg = MinSizeRel|Win32
		{42C4993A-AA11-48AD-9536-AD4F6E8633B1}.MinSizeRel|Win32.Build.0 = MinSizeRel|Win32
		{42C4993A-AA11-48AD-9536-AD4F6E8633B1}.RelWithDebInfo|Win32.ActiveCfg = RelWithDebInfo|Win32
		{42C4993A-AA11-48AD-9536-AD4F6E8633B1}.RelWithDebInfo|Win32.Build.0 = RelWithDebInfo|Win32
		{16801C69-B023-47A2-993D-AEA6DFE0942E}.Debug|Win32.ActiveCfg = Debug|Win32
		{16801C69-B023-47A2-993D-AEA6DFE0942E}.Debug|Win32.Build.0 = Debug|Win32
		{16801C69-B023-47A2-993D-AEA6DFE0942E}.Release|Win32.ActiveCfg = Release|Win32
		{16801C69-B023-47A2-993D-AEA6DFE0942E}.Release|Win32.Build.0 = Release|Win32
		{16801C69-B023-47A2-993D-AEA6DFE0942E}.MinSizeRel|Win32.ActiveCfg = MinSizeRel|Win32
		{16801C69-B023-47A2-993D-AEA6DFE0942E}.MinSizeRel|Win32.Build.0 = MinSizeRel|Win32
		{16801C69-B023-47A2-993D-AEA6DFE0942E}.RelWithDebInfo|Win32.ActiveCfg = RelWithDebInfo|Win32
		{16801C69-B023-47A2-993D-AEA6DFE0942E}.RelWithDebInfo|Win32.Build.0 = RelWithDebInfo|Win32
		{A6427A75-32CA-47E7-B044-F13A8A578711}.Debug|Win32.ActiveCfg = Debug|Win32
		{A6427A75-32CA-47E7-B044-F13A8A578711}.Debug|Win32.Build.0 = Debug|Win32
		{A6427A75-32CA-47E7-B044-F13A8A578711}.Release|Win32.ActiveCfg = Release|Win32
		{A6427A75-32CA-47E7-B044-F13A8A578711}.Release|Win32.Build.0 = Release|Win32
		{A6427A75-32CA-47E7-B044-F13A8A578711}.MinSizeRel|Win32.ActiveCfg = MinSizeRel|Win32
		{A6427A75-32CA-47E7-B044-F13A8A578711}.MinSizeRel|Win32.Build.0 = MinSizeRel|Win32
		{A6427A75-32CA-47E7-B044-F13A8A578711}.RelWithDebInfo|Win32.ActiveCfg = RelWithDebInfo|Win32
		{A6427A75-32CA-47E7-B044-F13A8A578711}.RelWithDebInfo|Win32.Build.0 = RelWithDebInfo|Win32
		{6907BB83-A0E6-4EBC-8739-68F16438A2A6}.Debug|Win32.ActiveCfg = Debug|Win32
		{6907BB83-A0E6-4EBC-8739-68F16438A2A6}.Debug|Win32.Build.0 = Debug|Win32
		{6907BB83-A0E6-4EBC-8739-68F16438A2A6}.Release|Win32.ActiveCfg = Release|Win32
		{6907BB83-A0E6-4EBC-8739-68F16438A2A6}.Release|Win32.Build.0 = Release|Win32
		{6907BB83-A0E6-4EBC-8739-68F16438A2A6}.MinSizeRel|Win32.ActiveCfg = MinSizeRel|Win32
		{6907BB83-A0E6-4EBC-8739-68F16438A2A6}.MinSizeRel|Win32.Build.0 = MinSizeRel|Win32
		{6907BB83-A0E6-4EBC-8739-68F16438A2A6}.RelWithDebInfo|Win32.ActiveCfg = RelWithDebInfo|Win32
		{6907BB83-A0E6-4EBC-8739-68F16438A2A6}.RelWithDebInfo|Win32.Build.0 = RelWithDebInfo|Win32
		{8D61C4EC-57EE-480E-B663-F02A0695FFB5}.Debug|Win32.ActiveCfg = Debug|Win32
		{8D61C4EC-57EE-480E-B663-F02A0695FFB5}.Debug|Win32.Build.0 = Debug|Win32
		{8D61C4EC-57EE-480E-B663-F02A0695FFB5}.Release|Win32.ActiveCfg = Release|Win32
		{8D61C4EC-57EE-480E-B663-F02A0695FFB5}.Release|Win32.Build.0 = Release|Win32
		{8D61C4EC-57EE-480E-B663-F02A0695FFB5}.MinSizeRel|Win32.ActiveCfg = MinSizeRel|Win32
		{8D61C4EC-57EE-480E-B663-F02A0695FFB5}.MinSizeRel|Win32.Build.0 = MinSizeRel|Win32
		{8D61C4EC-57EE-480E-B663-F02A0695FFB5}.RelWithDebInfo|Win32.ActiveCfg = RelWithDebInfo|Win32
		{8D61C4EC-57EE-480E-B663-F02A0695FFB5}.RelWithDebInfo|Win32.Build.0 = RelWithDebInfo|Win32
		{D867883F-D6D3-48C5-B254-08A4BB26D900}.Debug|Win32.ActiveCfg = Debug|Win32
		{D867883F-D6D3-48C5-B254-08A4BB26D900}.Debug|Win32.Build.0 = Debug|Win32
		{D867883F-D6D3-48C5-B254-08A4BB26D900}.Release|Win32.ActiveCfg = Release|Win32
		{D867883F-D6D3-48C5-B254-08A4BB26D900}.Release|Win32.Build.0 = Release|Win32
		{D867883F-D6D3-48C5-B254-08A4BB26D900}.MinSizeRel|Win32.ActiveCfg = MinSizeRel|Win32
		{D867883F-D6D3-48C5-B254-08A4BB26D900}.MinSizeRel|Win32.Build.0 = MinSizeRel|Win32
		{D867883F-D6D3-48C5-B254-08A4BB26D900}.RelWithDebInfo|Win32.ActiveCfg = RelWithDebInfo|Win32
		{D867883F-D6D3-48C5-B254-08A4BB26D900}.RelWithDebInfo|Win32.Build.0 = RelWithDebInfo|Win32
		{DD4AD272-D1AC-429F-A3A4-B9699696F0E0}.Debug|Win32.ActiveCfg = Debug|Win32
		{DD4AD272-D1AC-429F-A3A4-B9699696F0E0}.Debug|Win32.Build.0 = Debug|Win32
		{DD4AD272-D1AC-429F-A3A4-B9699696F0E0}.Release|Win32.ActiveCfg = Release|Win32
		{DD4AD272-D1AC-429F-A3A4-B9699696F0E0}.Release|Win32.Build.0 = Release|Win32
		{DD4AD272-D1AC-429F-A3A4-B9699696F0E0}.MinSizeRel|Win32.ActiveCfg = MinSizeRel|Win32
		{DD4AD272-D1AC-429F-A3A4-B9699696F0E0}.MinSizeRel|Win32.Build.0 = MinSizeRel|Win32
		{DD4AD272-D1AC-429F-A3A4-B9699696F0E0}.RelWithDebInfo|Win32.ActiveCfg = RelWithDebInfo|Win32
		{DD4AD272-D1AC-429F-A3A4-B9699696F0E0}.RelWithDebInfo|Win32.Build.0 = RelWithDebInfo|Win32
		{717CBBD9-C387-4C38-9A5D-3019D552D386}.Debug|Win32.ActiveCfg = Debug|Win32
		{717CBBD9-C387-4C38-9A5D-3019D552D386}.Debug|Win32.Build.0 = Debug|Win32
		{717CBBD9-C387-4C38-9A5D-3019D552D386}.Release|Win32.ActiveCfg = Release|Win32
		{717CBBD9-C387-4C38-9A5D-3019D552D386}.Release|Win32.Build.0 = Release|Win32
		{717CBBD9-C387-4C38-9A5D-3019D552D386}.MinSizeRel|Win32.ActiveCfg = MinSizeRel|Win32
		{717CBBD9-C387-4C38-9A5D-3019D552D386}.MinSizeRel|Win32.Build.0 = MinSizeRel|Win32
		{717CBBD9-C387-4C38-9A5D-3019D552D386}.RelWithDebInfo|Win32.ActiveCfg = RelWithDebInfo|Win32
		{717CBBD9-C387-4C38-9A5D-3019D552D386}.RelWithDebInfo|Win32.Build.0 = RelWithDebInfo|Win32
		{12B19225-5FA4-459B-9247-EF0A6664A174}.Debug|Win32.ActiveCfg = Debug|Win32
		{12B19225-5FA4-459B-9247-EF0A6664A174}.Debug|Win32.Build.0 = Debug|Win32
		{12B19225-5FA4-459B-9247-EF0A6664A174}.Release|Win32.ActiveCfg = Release|Win32
		{12B19225-5FA4-459B-9247-EF0A6664A174}.Release|Win32.Build.0 = Release|Win32
		{12B19225-5FA4-459B-9247-EF0A6664A174}.MinSizeRel|Win32.ActiveCfg = MinSizeRel|Win32
		{12B19225-5FA4-459B-9247-EF0A6664A174}.MinSizeRel|Win32.Build.0 = MinSizeRel|Win32
		{12B19225-5FA4-459B-9247-EF0A6664A174}.RelWithDebInfo|Win32.ActiveCfg = RelWithDebInfo|Win32
		{12B19225-5FA4-459B-9247-EF0A6664A174}.RelWithDebInfo|Win32.Build.0 = RelWithDebInfo|Win32
		{63440627-4878-4CE4-839C-C8256BDB5C81}.Debug|Win32.ActiveCfg = Debug|Win32
		{63440627-4878-4CE4-839C-C8256BDB5C81}.Debug|Win32.Build.0 = Debug|Win32
		{63440627-4878-4CE4-839C-C8256BDB5C81}.Release|Win32.ActiveCfg = Release|Win32
		{63440627-4878-4CE4-839C-C8256BDB5C81}.Release|Win32.Build.0 = Release|Win32
		{63440627-4878-4CE4-839C-C8256BDB5C81}.MinSizeRel|Win32.ActiveCfg = MinSizeRel|Win32
		{63440627-4878-4CE4-839C-C8256BDB5C81}.MinSizeRel|Win32.Build.0 = MinSizeRel|Win32
		{63440627-4878-4CE4-839C-C8256BDB5C81}.RelWithDebInfo|Win32.ActiveCfg = RelWithDebInfo|Win32
		{63440627-4878-4CE4-839C-C8256BDB5C81}.RelWithDebInfo|Win32.Build.0 = RelWithDebInfo|Win32
		{35B3299F-29FD-4B32-B619-CB78A7F1C72F}.Debug|Win32.ActiveCfg = Debug|Win32
		{35B3299F-29FD-4B32-B619-CB78A7F1C72F}.Debug|Win32.Build.0 = Debug|Win32
		{35B3299F-29FD-4B32-B619-CB78A7F1C72F}.Release|Win32.ActiveCfg = Release|Win32
		{35B3299F-29FD-4B32-B619-CB78A7F1C72F}.Release|Win32.Build.0 = Release|Win32
		{35B3299F-29FD-4B32-B619-CB78A7F1C72F}.MinSizeRel|Win32.ActiveCfg = MinSizeRel|Win32
		{35B3299F-29FD-4B32-B619-CB78A7F1C72F}.MinSizeRel|Win32.Build.0 = MinSizeRel|Win32
		{35B3299F-29FD-4B32-B619-CB78A7F1C72F}.RelWithDebInfo|Win32.ActiveCfg = RelWithDebInfo|Win32
		{35B3299F-29FD-4B32-B619-CB78A7F1C72F}.RelWithDebInfo|Win32.Build.0 = RelWithDebInfo|Win32
		{9779D66B-A863-44D2-AECC-9B1CFD30FB15}.Debug|Win32.ActiveCfg = Debug|Win32
		{9779D66B-A863-44D2-AECC-9B1CFD30FB15}.Debug|Win32.Build.0 = Debug|Win32
		{9779D66B-A863-44D2-AECC-9B1CFD30FB15}.Release|Win32.ActiveCfg = Release|Win32
		{9779D66B-A863-44D2-AECC-9B1CFD30FB15}.Release|Win32.Build.0 = Release|Win32
		{9779D66B-A863-44D2-AECC-9B1CFD30FB15}.MinSizeRel|Win32.ActiveCfg = MinSizeRel|Win32
		{9779D66B-A863-44D2-AECC-9B1CFD30FB15}.MinSizeRel|Win32.Build.0 = MinSizeRel|Win32
		{9779D66B-A863-44D2-AECC-9B1CFD30FB15}.RelWithDebInfo|Win32.ActiveCfg = RelWithDebInfo|Win32
		{9779D66B-A863-44D2-AECC-9B1CFD30FB15}.RelWithDebInfo|Win32.Build.0 = RelWithDebInfo|Win32
		{1F9AFD06-CB62-485A-8A94-754179487E99}.Debug|Win32.ActiveCfg = Debug|Win32
		{1F9AFD06-CB62-485A-8A94-754179487E99}.Debug|Win32.Build.0 = Debug|Win32
		{1F9AFD06-CB62-485A-8A94-754179487E99}.Release|Win32.ActiveCfg = Release|Win32
		{1F9AFD06-CB62-485A-8A94-754179487E99}.Release|Win32.Build.0 = Release|Win32
		{1F9AFD06-CB62-485A-8A94-754179487E99}.MinSizeRel|Win32.ActiveCfg = MinSizeRel|Win32
		{1F9AFD06-CB62-485A-8A94-754179487E99}.MinSizeRel|Win32.Build.0 = MinSizeRel|Win32
		{1F9AFD06-CB62-485A-8A94-754179487E99}.RelWithDebInfo|Win32.ActiveCfg = RelWithDebInfo|Win32
		{1F9AFD06-CB62-485A-8A94-754179487E99}.RelWithDebInfo|Win32.Build.0 = RelWithDebInfo|Win32
		{ECD5D139-BEE9-47EC-A534-323593DD410D}.Debug|Win32.ActiveCfg = Debug|Win32
		{ECD5D139-BEE9-47EC-A534-323593DD410D}.Debug|Win32.Build.0 = Debug|Win32
		{ECD5D139-BEE9-47EC-A534-323593DD410D}.Release|Win32.ActiveCfg = Release|Win32
		{ECD5D139-BEE9-47EC-A534-323593DD410D}.Release|Win32.Build.0 = Release|Win32
		{ECD5D139-BEE9-47EC-A534-323593DD410D}.MinSizeRel|Win32.ActiveCfg = MinSizeRel|Win32
		{ECD5D139-BEE9-47EC-A534-323593DD410D}.MinSizeRel|Win32.Build.0 = MinSizeRel|Win32
		{ECD5D139-BEE9-47EC-A534-323593DD410D}.RelWithDebInfo|Win32.ActiveCfg = RelWithDebInfo|Win32
		{ECD5D139-BEE9-47EC-A534-323593DD410D}.RelWithDebInfo|Win32.Build.0 = RelWithDebInfo|Win32
		{C0291197-F92F-4016-8E6B-6B30331B4D03}.Debug|Win32.ActiveCfg = Debug|Win32
		{C0291197-F92F-4016-8E6B-6B30331B4D03}.Debug|Win32.Build.0 = Debug|Win32
		{C0291197-F92F-4016-8E6B-6B30331B4D03}.Release|Win32.ActiveCfg = Release|Win32
		{C0291197-F92F-4016-8E6B-6B30331B4D03}.Release|Win32.Build.0 = Release|Win32
		{C0291197-F92F-4016-8E6B-6B30331B4D03}.MinSizeRel|Win32.ActiveCfg = MinSizeRel|Win32
		{C0291197-F92F-4016-8E6B-6B30331B4D03}.MinSizeRel|Win32.Build.0 = MinSizeRel|Win32
		{C0291197-F92F-4016-8E6B-6B30331B4D03}.RelWithDebInfo|Win32.ActiveCfg = RelWithDebInfo|Win32
		{C0291197-F92F-4016-8E6B-6B30331B4D03}.RelWithDebInfo|Win32.Build.0 = RelWithDebInfo|Win32
		{692B4D6F-CA4A-458E-91C3-103CA628D821}.Debug|Win32.ActiveCfg = Debug|Win32
		{692B4D6F-CA4A-458E-91C3-103CA628D821}.Debug|Win32.Build.0 = Debug|Win32
		{692B4D6F-CA4A-458E-91C3-103CA628D821}.Release|Win32.ActiveCfg = Release|Win32
		{692B4D6F-CA4A-458E-91C3-103CA628D821}.Release|Win32.Build.0 = Release|Win32
		{692B4D6F-CA4A-458E-91C3-103CA628D821}.MinSizeRel|Win32.ActiveCfg = MinSizeRel|Win32
		{692B4D6F-CA4A-458E-91C3-103CA628D821}.MinSizeRel|Win32.Build.0 = MinSizeRel|Win32
		{692B4D6F-CA4A-458E-91C3-103CA628D821}.RelWithDebInfo|Win32.ActiveCfg = RelWithDebInfo|Win32
		{692B4D6F-CA4A-458E-91C3-103CA628D821}.RelWithDebInfo|Win32.Build.0 = RelWithDebInfo|Win32
		{F49EDEB5-EE04-43FA-B1D5-E2F785FB9E77}.Debug|Win32.ActiveCfg = Debug|Win32
		{F49EDEB5-EE04-43FA-B1D5-E2F785FB9E77}.Debug|Win32.Build.0 = Debug|Win32
		{F49EDEB5-EE04-43FA-B1D5-E2F785FB9E77}.Release|Win32.ActiveCfg = Release|Win32
		{F49EDEB5-EE04-43FA-B1D5-E2F785FB9E77}.Release|Win32.Build.0 = Release|Win32
		{F49EDEB5-EE04-43FA-B1D5-E2F785FB9E77}.MinSizeRel|Win32.ActiveCfg = MinSizeRel|Win32
		{F49EDEB5-EE04-43FA-B1D5-E2F785FB9E77}.MinSizeRel|Win32.Build.0 = MinSizeRel|Win32
		{F49EDEB5-EE04-43FA-B1D5-E2F785FB9E77}.RelWithDebInfo|Win32.ActiveCfg = RelWithDebInfo|Win32
		{F49EDEB5-EE04-43FA-B1D5-E2F785FB9E77}.RelWithDebInfo|Win32.Build.0 = RelWithDebInfo|Win32
		{CFF91214-ECE7-49F3-A1DF-F2B74597660F}.Debug|Win32.ActiveCfg = Debug|Win32
		{CFF91214-ECE7-49F3-A1DF-F2B74597660F}.Debug|Win32.Build.0 = Debug|Win32
		{CFF91214-ECE7-49F3-A1DF-F2B74597660F}.Release|Win32.ActiveCfg = Release|Win32
		{CFF91214-ECE7-49F3-A1DF-F2B74597660F}.Release|Win32.Build.0 = Release|Win32
		{CFF91214-ECE7-49F3-A1DF-F2B74597660F}.MinSizeRel|Win32.ActiveCfg = MinSizeRel|Win32
		{CFF91214-ECE7-49F3-A1DF-F2B74597660F}.MinSizeRel|Win32.Build.0 = MinSizeRel|Win32
		{CFF91214-ECE7-49F3-A1DF-F2B74597660F}.RelWithDebInfo|Win32.ActiveCfg = RelWithDebInfo|Win32
		{CFF91214-ECE7-49F3-A1DF-F2B74597660F}.RelWithDebInfo|Win32.Build.0 = RelWithDebInfo|Win32
		{F4227889-217F-4BA5-9B32-71913C0A7C7B}.Debug|Win32.ActiveCfg = Debug|Win32
		{F4227889-217F-4BA5-9B32-71913C0A7C7B}.Debug|Win32.Build.0 = Debug|Win32
		{F4227889-217F-4BA5-9B32-71913C0A7C7B}.Release|Win32.ActiveCfg = Release|Win32
		{F4227889-217F-4BA5-9B32-71913C0A7C7B}.Release|Win32.Build.0 = Release|Win32
		{F4227889-217F-4BA5-9B32-71913C0A7C7B}.MinSizeRel|Win32.ActiveCfg = MinSizeRel|Win32
		{F4227889-217F-4BA5-9B32-71913C0A7C7B}.MinSizeRel|Win32.Build.0 = MinSizeRel|Win32
		{F4227889-217F-4BA5-9B32-71913C0A7C7B}.RelWithDebInfo|Win32.ActiveCfg = RelWithDebInfo|Win32
		{F4227889-217F-4BA5-9B32-71913C0A7C7B}.RelWithDebInfo|Win32.Build.0 = RelWithDebInfo|Win32
		{9E2F0014-E112-464E-9502-1BF6492BF0EF}.Debug|Win32.ActiveCfg = Debug|Win32
		{9E2F0014-E112-464E-9502-1BF6492BF0EF}.Debug|Win32.Build.0 = Debug|Win32
		{9E2F0014-E112-464E-9502-1BF6492BF0EF}.Release|Win32.ActiveCfg = Release|Win32
		{9E2F0014-E112-464E-9502-1BF6492BF0EF}.Release|Win32.Build.0 = Release|Win32
		{9E2F0014-E112-464E-9502-1BF6492BF0EF}.MinSizeRel|Win32.ActiveCfg = MinSizeRel|Win32
		{9E2F0014-E112-464E-9502-1BF6492BF0EF}.MinSizeRel|Win32.Build.0 = MinSizeRel|Win32
		{9E2F0014-E112-464E-9502-1BF6492BF0EF}.RelWithDebInfo|Win32.ActiveCfg = RelWithDebInfo|Win32
		{9E2F0014-E112-464E-9502-1BF6492BF0EF}.RelWithDebInfo|Win32.Build.0 = RelWithDebInfo|Win32
		{0B53964F-3201-4BA4-A0C5-873D4D89180B}.Debug|Win32.ActiveCfg = Debug|Win32
		{0B53964F-3201-4BA4-A0C5-873D4D89180B}.Debug|Win32.Build.0 = Debug|Win32
		{0B53964F-3201-4BA4-A0C5-873D4D89180B}.Release|Win32.ActiveCfg = Release|Win32
		{0B53964F-3201-4BA4-A0C5-873D4D89180B}.Release|Win32.Build.0 = Release|Win32
		{0B53964F-3201-4BA4-A0C5-873D4D89180B}.MinSizeRel|Win32.ActiveCfg = MinSizeRel|Win32
		{0B53964F-3201-4BA4-A0C5-873D4D89180B}.MinSizeRel|Win32.Build.0 = MinSizeRel|Win32
		{0B53964F-3201-4BA4-A0C5-873D4D89180B}.RelWithDebInfo|Win32.ActiveCfg = RelWithDebInfo|Win32
		{0B53964F-3201-4BA4-A0C5-873D4D89180B}.RelWithDebInfo|Win32.Build.0 = RelWithDebInfo|Win32
		{50BF6BD5-937E-4D78-AF2C-E65AECE85C18}.Debug|Win32.ActiveCfg = Debug|Win32
		{50BF6BD5-937E-4D78-AF2C-E65AECE85C18}.Debug|Win32.Build.0 = Debug|Win32
		{50BF6BD5-937E-4D78-AF2C-E65AECE85C18}.Release|Win32.ActiveCfg = Release|Win32
		{50BF6BD5-937E-4D78-AF2C-E65AECE85C18}.Release|Win32.Build.0 = Release|Win32
		{50BF6BD5-937E-4D78-AF2C-E65AECE85C18}.MinSizeRel|Win32.ActiveCfg = MinSizeRel|Win32
		{50BF6BD5-937E-4D78-AF2C-E65AECE85C18}.MinSizeRel|Win32.Build.0 = MinSizeRel|Win32
		{50BF6BD5-937E-4D78-AF2C-E65AECE85C18}.RelWithDebInfo|Win32.ActiveCfg = RelWithDebInfo|Win32
		{50BF6BD5-937E-4D78-AF2C-E65AECE85C18}.RelWithDebInfo|Win32.Build.0 = RelWithDebInfo|Win32
		{9C6ECA56-74AF-499C-886C-46004F8E9F73}.Debug|Win32.ActiveCfg = Debug|Win32
		{9C6ECA56-74AF-499C-886C-46004F8E9F73}.Debug|Win32.Build.0 = Debug|Win32
		{9C6ECA56-74AF-499C-886C-46004F8E9F73}.Release|Win32.ActiveCfg = Release|Win32
		{9C6ECA56-74AF-499C-886C-46004F8E9F73}.Release|Win32.Build.0 = Release|Win32
		{9C6ECA56-74AF-499C-886C-46004F8E9F73}.MinSizeRel|Win32.ActiveCfg = MinSizeRel|Win32
		{9C6ECA56-74AF-499C-886C-46004F8E9F73}.MinSizeRel|Win32.Build.0 = MinSizeRel|Win32
		{9C6ECA56-74AF-499C-886C-46004F8E9F73}.RelWithDebInfo|Win32.ActiveCfg = RelWithDebInfo|Win32
		{9C6ECA56-74AF-499C-886C-46004F8E9F73}.RelWithDebInfo|Win32.Build.0 = RelWithDebInfo|Win32
		{9586426F-7222-4CFC-98B4-108F091ED0E9}.Debug|Win32.ActiveCfg = Debug|Win32
		{9586426F-7222-4CFC-98B4-108F091ED0E9}.Debug|Win32.Build.0 = Debug|Win32
		{9586426F-7222-4CFC-98B4-108F091ED0E9}.Release|Win32.ActiveCfg = Release|Win32
		{9586426F-7222-4CFC-98B4-108F091ED0E9}.Release|Win32.Build.0 = Release|Win32
		{9586426F-7222-4CFC-98B4-108F091ED0E9}.MinSizeRel|Win32.ActiveCfg = MinSizeRel|Win32
		{9586426F-7222-4CFC-98B4-108F091ED0E9}.MinSizeRel|Win32.Build.0 = MinSizeRel|Win32
		{9586426F-7222-4CFC-98B4-108F091ED0E9}.RelWithDebInfo|Win32.ActiveCfg = RelWithDebInfo|Win32
		{9586426F-7222-4CFC-98B4-108F091ED0E9}.RelWithDebInfo|Win32.Build.0 = RelWithDebInfo|Win32
		{2D6B73E0-DBF8-41E8-82AD-DF8984061EFC}.Debug|Win32.ActiveCfg = Debug|Win32
		{2D6B73E0-DBF8-41E8-82AD-DF8984061EFC}.Debug|Win32.Build.0 = Debug|Win32
		{2D6B73E0-DBF8-41E8-82AD-DF8984061EFC}.Release|Win32.ActiveCfg = Release|Win32
		{2D6B73E0-DBF8-41E8-82AD-DF8984061EFC}.Release|Win32.Build.0 = Release|Win32
		{2D6B73E0-DBF8-41E8-82AD-DF8984061EFC}.MinSizeRel|Win32.ActiveCfg = MinSizeRel|Win32
		{2D6B73E0-DBF8-41E8-82AD-DF8984061EFC}.MinSizeRel|Win32.Build.0 = MinSizeRel|Win32
		{2D6B73E0-DBF8-41E8-82AD-DF8984061EFC}.RelWithDebInfo|Win32.ActiveCfg = RelWithDebInfo|Win32
		{2D6B73E0-DBF8-41E8-82AD-DF8984061EFC}.RelWithDebInfo|Win32.Build.0 = RelWithDebInfo|Win32
		{36E12615-8972-4D8F-95F4-C3CB18CAEB1A}.Debug|Win32.ActiveCfg = Debug|Win32
		{36E12615-8972-4D8F-95F4-C3CB18CAEB1A}.Debug|Win32.Build.0 = Debug|Win32
		{36E12615-8972-4D8F-95F4-C3CB18CAEB1A}.Release|Win32.ActiveCfg = Release|Win32
		{36E12615-8972-4D8F-95F4-C3CB18CAEB1A}.Release|Win32.Build.0 = Release|Win32
		{36E12615-8972-4D8F-95F4-C3CB18CAEB1A}.MinSizeRel|Win32.ActiveCfg = MinSizeRel|Win32
		{36E12615-8972-4D8F-95F4-C3CB18CAEB1A}.MinSizeRel|Win32.Build.0 = MinSizeRel|Win32
		{36E12615-8972-4D8F-95F4-C3CB18CAEB1A}.RelWithDebInfo|Win32.ActiveCfg = RelWithDebInfo|Win32
		{36E12615-8972-4D8F-95F4-C3CB18CAEB1A}.RelWithDebInfo|Win32.Build.0 = RelWithDebInfo|Win32
		{AA40BC3F-8F4F-4983-8E1F-5789970925A7}.Debug|Win32.ActiveCfg = Debug|Win32
		{AA40BC3F-8F4F-4983-8E1F-5789970925A7}.Debug|Win32.Build.0 = Debug|Win32
		{AA40BC3F-8F4F-4983-8E1F-5789970925A7}.Release|Win32.ActiveCfg = Release|Win32
		{AA40BC3F-8F4F-4983-8E1F-5789970925A7}.Release|Win32.Build.0 = Release|Win32
		{AA40BC3F-8F4F-4983-8E1F-5789970925A7}.MinSizeRel|Win32.ActiveCfg = MinSizeRel|Win32
		{AA40BC3F-8F4F-4983-8E1F-5789970925A7}.MinSizeRel|Win32.Build.0 = MinSizeRel|Win32
		{AA40BC3F-8F4F-4983-8E1F-5789970925A7}.RelWithDebInfo|Win32.ActiveCfg = RelWithDebInfo|Win32
		{AA40BC3F-8F4F-4983-8E1F-5789970925A7}.RelWithDebInfo|Win32.Build.0 = RelWithDebInfo|Win32
		{46A7D9D6-2F36-45F5-84B1-2805B30535DF}.Debug|Win32.ActiveCfg = Debug|Win32
		{46A7D9D6-2F36-45F5-84B1-2805B30535DF}.Debug|Win32.Build.0 = Debug|Win32
		{46A7D9D6-2F36-45F5-84B1-2805B30535DF}.Release|Win32.ActiveCfg = Release|Win32
		{46A7D9D6-2F36-45F5-84B1-2805B30535DF}.Release|Win32.Build.0 = Release|Win32
		{46A7D9D6-2F36-45F5-84B1-2805B30535DF}.MinSizeRel|Win32.ActiveCfg = MinSizeRel|Win32
		{46A7D9D6-2F36-45F5-84B1-2805B30535DF}.MinSizeRel|Win32.Build.0 = MinSizeRel|Win32
		{46A7D9D6-2F36-45F5-84B1-2805B30535DF}.RelWithDebInfo|Win32.ActiveCfg = RelWithDebInfo|Win32
		{46A7D9D6-2F36-45F5-84B1-2805B30535DF}.RelWithDebInfo|Win32.Build.0 = RelWithDebInfo|Win32
		{7670F1D5-5FF3-4B35-8B4A-6185D09A3B28}.Debug|Win32.ActiveCfg = Debug|Win32
		{7670F1D5-5FF3-4B35-8B4A-6185D09A3B28}.Debug|Win32.Build.0 = Debug|Win32
		{7670F1D5-5FF3-4B35-8B4A-6185D09A3B28}.Release|Win32.ActiveCfg = Release|Win32
		{7670F1D5-5FF3-4B35-8B4A-6185D09A3B28}.Release|Win32.Build.0 = Release|Win32
		{7670F1D5-5FF3-4B35-8B4A-6185D09A3B28}.MinSizeRel|Win32.ActiveCfg = MinSizeRel|Win32
		{7670F1D5-5FF3-4B35-8B4A-6185D09A3B28}.MinSizeRel|Win32.Build.0 = MinSizeRel|Win32
		{7670F1D5-5FF3-4B35-8B4A-6185D09A3B28}.RelWithDebInfo|Win32.ActiveCfg = RelWithDebInfo|Win32
		{7670F1D5-5FF3-4B35-8B4A-6185D09A3B28}.RelWithDebInfo|Win32.Build.0 = RelWithDebInfo|Win32
		{B080C6DD-31EC-4809-A0D8-741CAFE47F75}.Debug|Win32.ActiveCfg = Debug|Win32
		{B080C6DD-31EC-4809-A0D8-741CAFE47F75}.Debug|Win32.Build.0 = Debug|Win32
		{B080C6DD-31EC-4809-A0D8-741CAFE47F75}.Release|Win32.ActiveCfg = Release|Win32
		{B080C6DD-31EC-4809-A0D8-741CAFE47F75}.Release|Win32.Build.0 = Release|Win32
		{B080C6DD-31EC-4809-A0D8-741CAFE47F75}.MinSizeRel|Win32.ActiveCfg = MinSizeRel|Win32
		{B080C6DD-31EC-4809-A0D8-741CAFE47F75}.MinSizeRel|Win32.Build.0 = MinSizeRel|Win32
		{B080C6DD-31EC-4809-A0D8-741CAFE47F75}.RelWithDebInfo|Win32.ActiveCfg = RelWithDebInfo|Win32
		{B080C6DD-31EC-4809-A0D8-741CAFE47F75}.RelWithDebInfo|Win32.Build.0 = RelWithDebInfo|Win32
		{C3C8378E-7539-4199-A8D4-A86B9C91381C}.Debug|Win32.ActiveCfg = Debug|Win32
		{C3C8378E-7539-4199-A8D4-A86B9C91381C}.Debug|Win32.Build.0 = Debug|Win32
		{C3C8378E-7539-4199-A8D4-A86B9C91381C}.Release|Win32.ActiveCfg = Release|Win32
		{C3C8378E-7539-4199-A8D4-A86B9C91381C}.Release|Win32.Build.0 = Release|Win32
		{C3C8378E-7539-4199-A8D4-A86B9C91381C}.MinSizeRel|Win32.ActiveCfg = MinSizeRel|Win32
		{C3C8378E-7539-4199-A8D4-A86B9C91381C}.MinSizeRel|Win32.Build.0 = MinSizeRel|Win32
		{C3C8378E-7539-4199-A8D4-A86B9C91381C}.RelWithDebInfo|Win32.ActiveCfg = RelWithDebInfo|Win32
		{C3C8378E-7539-4199-A8D4-A86B9C91381C}.RelWithDebInfo|Win32.Build.0 = RelWithDebInfo|Win32
		{096A01BA-75E4-4931-85B7-B6B0A3E78507}.Debug|Win32.ActiveCfg = Debug|Win32
		{096A01BA-75E4-4931-85B7-B6B0A3E78507}.Debug|Win32.Build.0 = Debug|Win32
		{096A01BA-75E4-4931-85B7-B6B0A3E78507}.Release|Win32.ActiveCfg = Release|Win32
		{096A01BA-75E4-4931-85B7-B6B0A3E78507}.Release|Win32.Build.0 = Release|Win32
		{096A01BA-75E4-4931-85B7-B6B0A3E78507}.MinSizeRel|Win32.ActiveCfg = MinSizeRel|Win32
		{096A01BA-75E4-4931-85B7-B6B0A3E78507}.MinSizeRel|Win32.Build.0 = MinSizeRel|Win32
		{096A01BA-75E4-4931-85B7-B6B0A3E78507}.RelWithDebInfo|Win32.ActiveCfg = RelWithDebInfo|Win32
		{096A01BA-75E4-4931-85B7-B6B0A3E78507}.RelWithDebInfo|Win32.Build.0 = RelWithDebInfo|Win32
		{66F96008-C5E6-47E1-B94C-8079AFF55C2C}.Debug|Win32.ActiveCfg = Debug|Win32
		{66F96008-C5E6-47E1-B94C-8079AFF55C2C}.Debug|Win32.Build.0 = Debug|Win32
		{66F96008-C5E6-47E1-B94C-8079AFF55C2C}.Release|Win32.ActiveCfg = Release|Win32
		{66F96008-C5E6-47E1-B94C-8079AFF55C2C}.Release|Win32.Build.0 = Release|Win32
		{66F96008-C5E6-47E1-B94C-8079AFF55C2C}.MinSizeRel|Win32.ActiveCfg = MinSizeRel|Win32
		{66F96008-C5E6-47E1-B94C-8079AFF55C2C}.MinSizeRel|Win32.Build.0 = MinSizeRel|Win32
		{66F96008-C5E6-47E1-B94C-8079AFF55C2C}.RelWithDebInfo|Win32.ActiveCfg = RelWithDebInfo|Win32
		{66F96008-C5E6-47E1-B94C-8079AFF55C2C}.RelWithDebInfo|Win32.Build.0 = RelWithDebInfo|Win32
		{A1B3573F-59B2-4763-ADE9-BA9CC2ADDFE6}.Debug|Win32.ActiveCfg = Debug|Win32
		{A1B3573F-59B2-4763-ADE9-BA9CC2ADDFE6}.Debug|Win32.Build.0 = Debug|Win32
		{A1B3573F-59B2-4763-ADE9-BA9CC2ADDFE6}.Release|Win32.ActiveCfg = Release|Win32
		{A1B3573F-59B2-4763-ADE9-BA9CC2ADDFE6}.Release|Win32.Build.0 = Release|Win32
		{A1B3573F-59B2-4763-ADE9-BA9CC2ADDFE6}.MinSizeRel|Win32.ActiveCfg = MinSizeRel|Win32
		{A1B3573F-59B2-4763-ADE9-BA9CC2ADDFE6}.MinSizeRel|Win32.Build.0 = MinSizeRel|Win32
		{A1B3573F-59B2-4763-ADE9-BA9CC2ADDFE6}.RelWithDebInfo|Win32.ActiveCfg = RelWithDebInfo|Win32
		{A1B3573F-59B2-4763-ADE9-BA9CC2ADDFE6}.RelWithDebInfo|Win32.Build.0 = RelWithDebInfo|Win32
		{CAEF666E-AFF1-4705-897B-A73B35CFE74B}.Debug|Win32.ActiveCfg = Debug|Win32
		{CAEF666E-AFF1-4705-897B-A73B35CFE74B}.Debug|Win32.Build.0 = Debug|Win32
		{CAEF666E-AFF1-4705-897B-A73B35CFE74B}.Release|Win32.ActiveCfg = Release|Win32
		{CAEF666E-AFF1-4705-897B-A73B35CFE74B}.Release|Win32.Build.0 = Release|Win32
		{CAEF666E-AFF1-4705-897B-A73B35CFE74B}.MinSizeRel|Win32.ActiveCfg = MinSizeRel|Win32
		{CAEF666E-AFF1-4705-897B-A73B35CFE74B}.MinSizeRel|Win32.Build.0 = MinSizeRel|Win32
		{CAEF666E-AFF1-4705-897B-A73B35CFE74B}.RelWithDebInfo|Win32.ActiveCfg = RelWithDebInfo|Win32
		{CAEF666E-AFF1-4705-897B-A73B35CFE74B}.RelWithDebInfo|Win32.Build.0 = RelWithDebInfo|Win32
		{50F304BD-5407-4F3D-8EE9-6E6D43343BC1}.Debug|Win32.ActiveCfg = Debug|Win32
		{50F304BD-5407-4F3D-8EE9-6E6D43343BC1}.Debug|Win32.Build.0 = Debug|Win32
		{50F304BD-5407-4F3D-8EE9-6E6D43343BC1}.Release|Win32.ActiveCfg = Release|Win32
		{50F304BD-5407-4F3D-8EE9-6E6D43343BC1}.Release|Win32.Build.0 = Release|Win32
		{50F304BD-5407-4F3D-8EE9-6E6D43343BC1}.MinSizeRel|Win32.ActiveCfg = MinSizeRel|Win32
		{50F304BD-5407-4F3D-8EE9-6E6D43343BC1}.MinSizeRel|Win32.Build.0 = MinSizeRel|Win32
		{50F304BD-5407-4F3D-8EE9-6E6D43343BC1}.RelWithDebInfo|Win32.ActiveCfg = RelWithDebInfo|Win32
		{50F304BD-5407-4F3D-8EE9-6E6D43343BC1}.RelWithDebInfo|Win32.Build.0 = RelWithDebInfo|Win32
		{B0E8E847-65D9-4CD5-8920-A2257B2E9636}.Debug|Win32.ActiveCfg = Debug|Win32
		{B0E8E847-65D9-4CD5-8920-A2257B2E9636}.Debug|Win32.Build.0 = Debug|Win32
		{B0E8E847-65D9-4CD5-8920-A2257B2E9636}.Release|Win32.ActiveCfg = Release|Win32
		{B0E8E847-65D9-4CD5-8920-A2257B2E9636}.Release|Win32.Build.0 = Release|Win32
		{B0E8E847-65D9-4CD5-8920-A2257B2E9636}.MinSizeRel|Win32.ActiveCfg = MinSizeRel|Win32
		{B0E8E847-65D9-4CD5-8920-A2257B2E9636}.MinSizeRel|Win32.Build.0 = MinSizeRel|Win32
		{B0E8E847-65D9-4CD5-8920-A2257B2E9636}.RelWithDebInfo|Win32.ActiveCfg = RelWithDebInfo|Win32
		{B0E8E847-65D9-4CD5-8920-A2257B2E9636}.RelWithDebInfo|Win32.Build.0 = RelWithDebInfo|Win32
		{3E4C2B32-8BCE-4DB2-89B7-A5F94061A924}.Debug|Win32.ActiveCfg = Debug|Win32
		{3E4C2B32-8BCE-4DB2-89B7-A5F94061A924}.Debug|Win32.Build.0 = Debug|Win32
		{3E4C2B32-8BCE-4DB2-89B7-A5F94061A924}.Release|Win32.ActiveCfg = Release|Win32
		{3E4C2B32-8BCE-4DB2-89B7-A5F94061A924}.Release|Win32.Build.0 = Release|Win32
		{3E4C2B32-8BCE-4DB2-89B7-A5F94061A924}.MinSizeRel|Win32.ActiveCfg = MinSizeRel|Win32
		{3E4C2B32-8BCE-4DB2-89B7-A5F94061A924}.MinSizeRel|Win32.Build.0 = MinSizeRel|Win32
		{3E4C2B32-8BCE-4DB2-89B7-A5F94061A924}.RelWithDebInfo|Win32.ActiveCfg = RelWithDebInfo|Win32
		{3E4C2B32-8BCE-4DB2-89B7-A5F94061A924}.RelWithDebInfo|Win32.Build.0 = RelWithDebInfo|Win32
		{A227F5B3-BE95-4E54-A844-86775A3BFDB9}.Debug|Win32.ActiveCfg = Debug|Win32
		{A227F5B3-BE95-4E54-A844-86775A3BFDB9}.Debug|Win32.Build.0 = Debug|Win32
		{A227F5B3-BE95-4E54-A844-86775A3BFDB9}.Release|Win32.ActiveCfg = Release|Win32
		{A227F5B3-BE95-4E54-A844-86775A3BFDB9}.Release|Win32.Build.0 = Release|Win32
		{A227F5B3-BE95-4E54-A844-86775A3BFDB9}.MinSizeRel|Win32.ActiveCfg = MinSizeRel|Win32
		{A227F5B3-BE95-4E54-A844-86775A3BFDB9}.MinSizeRel|Win32.Build.0 = MinSizeRel|Win32
		{A227F5B3-BE95-4E54-A844-86775A3BFDB9}.RelWithDebInfo|Win32.ActiveCfg = RelWithDebInfo|Win32
		{A227F5B3-BE95-4E54-A844-86775A3BFDB9}.RelWithDebInfo|Win32.Build.0 = RelWithDebInfo|Win32
		{2F2578C2-F07F-4559-B8D3-73948A48E958}.Debug|Win32.ActiveCfg = Debug|Win32
		{2F2578C2-F07F-4559-B8D3-73948A48E958}.Debug|Win32.Build.0 = Debug|Win32
		{2F2578C2-F07F-4559-B8D3-73948A48E958}.Release|Win32.ActiveCfg = Release|Win32
		{2F2578C2-F07F-4559-B8D3-73948A48E958}.Release|Win32.Build.0 = Release|Win32
		{2F2578C2-F07F-4559-B8D3-73948A48E958}.MinSizeRel|Win32.ActiveCfg = MinSizeRel|Win32
		{2F2578C2-F07F-4559-B8D3-73948A48E958}.MinSizeRel|Win32.Build.0 = MinSizeRel|Win32
		{2F2578C2-F07F-4559-B8D3-73948A48E958}.RelWithDebInfo|Win32.ActiveCfg = RelWithDebInfo|Win32
		{2F2578C2-F07F-4559-B8D3-73948A48E958}.RelWithDebInfo|Win32.Build.0 = RelWithDebInfo|Win32
		{FBB1AC9E-E868-4CAD-94EA-380B3F378D09}.Debug|Win32.ActiveCfg = Debug|Win32
		{FBB1AC9E-E868-4CAD-94EA-380B3F378D09}.Debug|Win32.Build.0 = Debug|Win32
		{FBB1AC9E-E868-4CAD-94EA-380B3F378D09}.Release|Win32.ActiveCfg = Release|Win32
		{FBB1AC9E-E868-4CAD-94EA-380B3F378D09}.Release|Win32.Build.0 = Release|Win32
		{FBB1AC9E-E868-4CAD-94EA-380B3F378D09}.MinSizeRel|Win32.ActiveCfg = MinSizeRel|Win32
		{FBB1AC9E-E868-4CAD-94EA-380B3F378D09}.MinSizeRel|Win32.Build.0 = MinSizeRel|Win32
		{FBB1AC9E-E868-4CAD-94EA-380B3F378D09}.RelWithDebInfo|Win32.ActiveCfg = RelWithDebInfo|Win32
		{FBB1AC9E-E868-4CAD-94EA-380B3F378D09}.RelWithDebInfo|Win32.Build.0 = RelWithDebInfo|Win32
		{A1EF6322-CCFE-41A9-9CFF-6564C09658AA}.Debug|Win32.ActiveCfg = Debug|Win32
		{A1EF6322-CCFE-41A9-9CFF-6564C09658AA}.Debug|Win32.Build.0 = Debug|Win32
		{A1EF6322-CCFE-41A9-9CFF-6564C09658AA}.Release|Win32.ActiveCfg = Release|Win32
		{A1EF6322-CCFE-41A9-9CFF-6564C09658AA}.Release|Win32.Build.0 = Release|Win32
		{A1EF6322-CCFE-41A9-9CFF-6564C09658AA}.MinSizeRel|Win32.ActiveCfg = MinSizeRel|Win32
		{A1EF6322-CCFE-41A9-9CFF-6564C09658AA}.MinSizeRel|Win32.Build.0 = MinSizeRel|Win32
		{A1EF6322-CCFE-41A9-9CFF-6564C09658AA}.RelWithDebInfo|Win32.ActiveCfg = RelWithDebInfo|Win32
		{A1EF6322-CCFE-41A9-9CFF-6564C09658AA}.RelWithDebInfo|Win32.Build.0 = RelWithDebInfo|Win32
		{D1322DE3-646B-4785-8D50-923016EED93C}.Debug|Win32.ActiveCfg = Debug|Win32
		{D1322DE3-646B-4785-8D50-923016EED93C}.Debug|Win32.Build.0 = Debug|Win32
		{D1322DE3-646B-4785-8D50-923016EED93C}.Release|Win32.ActiveCfg = Release|Win32
		{D1322DE3-646B-4785-8D50-923016EED93C}.Release|Win32.Build.0 = Release|Win32
		{D1322DE3-646B-4785-8D50-923016EED93C}.MinSizeRel|Win32.ActiveCfg = MinSizeRel|Win32
		{D1322DE3-646B-4785-8D50-923016EED93C}.MinSizeRel|Win32.Build.0 = MinSizeRel|Win32
		{D1322DE3-646B-4785-8D50-923016EED93C}.RelWithDebInfo|Win32.ActiveCfg = RelWithDebInfo|Win32
		{D1322DE3-646B-4785-8D50-923016EED93C}.RelWithDebInfo|Win32.Build.0 = RelWithDebInfo|Win32
		{B89253AF-FDD0-4F21-87D4-48A9A0758BFF}.Debug|Win32.ActiveCfg = Debug|Win32
		{B89253AF-FDD0-4F21-87D4-48A9A0758BFF}.Debug|Win32.Build.0 = Debug|Win32
		{B89253AF-FDD0-4F21-87D4-48A9A0758BFF}.Release|Win32.ActiveCfg = Release|Win32
		{B89253AF-FDD0-4F21-87D4-48A9A0758BFF}.Release|Win32.Build.0 = Release|Win32
		{B89253AF-FDD0-4F21-87D4-48A9A0758BFF}.MinSizeRel|Win32.ActiveCfg = MinSizeRel|Win32
		{B89253AF-FDD0-4F21-87D4-48A9A0758BFF}.MinSizeRel|Win32.Build.0 = MinSizeRel|Win32
		{B89253AF-FDD0-4F21-87D4-48A9A0758BFF}.RelWithDebInfo|Win32.ActiveCfg = RelWithDebInfo|Win32
		{B89253AF-FDD0-4F21-87D4-48A9A0758BFF}.RelWithDebInfo|Win32.Build.0 = RelWithDebInfo|Win32
		{14B6655B-D5EB-4190-A26C-BAB4FCD367BB}.Debug|Win32.ActiveCfg = Debug|Win32
		{14B6655B-D5EB-4190-A26C-BAB4FCD367BB}.Debug|Win32.Build.0 = Debug|Win32
		{14B6655B-D5EB-4190-A26C-BAB4FCD367BB}.Release|Win32.ActiveCfg = Release|Win32
		{14B6655B-D5EB-4190-A26C-BAB4FCD367BB}.Release|Win32.Build.0 = Release|Win32
		{14B6655B-D5EB-4190-A26C-BAB4FCD367BB}.MinSizeRel|Win32.ActiveCfg = MinSizeRel|Win32
		{14B6655B-D5EB-4190-A26C-BAB4FCD367BB}.MinSizeRel|Win32.Build.0 = MinSizeRel|Win32
		{14B6655B-D5EB-4190-A26C-BAB4FCD367BB}.RelWithDebInfo|Win32.ActiveCfg = RelWithDebInfo|Win32
		{14B6655B-D5EB-4190-A26C-BAB4FCD367BB}.RelWithDebInfo|Win32.Build.0 = RelWithDebInfo|Win32
		{4D44965D-F37F-45E3-AEB0-A8D2DC733740}.Debug|Win32.ActiveCfg = Debug|Win32
		{4D44965D-F37F-45E3-AEB0-A8D2DC733740}.Debug|Win32.Build.0 = Debug|Win32
		{4D44965D-F37F-45E3-AEB0-A8D2DC733740}.Release|Win32.ActiveCfg = Release|Win32
		{4D44965D-F37F-45E3-AEB0-A8D2DC733740}.Release|Win32.Build.0 = Release|Win32
		{4D44965D-F37F-45E3-AEB0-A8D2DC733740}.MinSizeRel|Win32.ActiveCfg = MinSizeRel|Win32
		{4D44965D-F37F-45E3-AEB0-A8D2DC733740}.MinSizeRel|Win32.Build.0 = MinSizeRel|Win32
		{4D44965D-F37F-45E3-AEB0-A8D2DC733740}.RelWithDebInfo|Win32.ActiveCfg = RelWithDebInfo|Win32
		{4D44965D-F37F-45E3-AEB0-A8D2DC733740}.RelWithDebInfo|Win32.Build.0 = RelWithDebInfo|Win32
		{E7A17AB6-3B8E-4B62-8AFD-897F476C0AD8}.Debug|Win32.ActiveCfg = Debug|Win32
		{E7A17AB6-3B8E-4B62-8AFD-897F476C0AD8}.Debug|Win32.Build.0 = Debug|Win32
		{E7A17AB6-3B8E-4B62-8AFD-897F476C0AD8}.Release|Win32.ActiveCfg = Release|Win32
		{E7A17AB6-3B8E-4B62-8AFD-897F476C0AD8}.Release|Win32.Build.0 = Release|Win32
		{E7A17AB6-3B8E-4B62-8AFD-897F476C0AD8}.MinSizeRel|Win32.ActiveCfg = MinSizeRel|Win32
		{E7A17AB6-3B8E-4B62-8AFD-897F476C0AD8}.MinSizeRel|Win32.Build.0 = MinSizeRel|Win32
		{E7A17AB6-3B8E-4B62-8AFD-897F476C0AD8}.RelWithDebInfo|Win32.ActiveCfg = RelWithDebInfo|Win32
		{E7A17AB6-3B8E-4B62-8AFD-897F476C0AD8}.RelWithDebInfo|Win32.Build.0 = RelWithDebInfo|Win32
		{045F9C55-34B3-41A8-ACC8-007100EFD02D}.Debug|Win32.ActiveCfg = Debug|Win32
		{045F9C55-34B3-41A8-ACC8-007100EFD02D}.Debug|Win32.Build.0 = Debug|Win32
		{045F9C55-34B3-41A8-ACC8-007100EFD02D}.Release|Win32.ActiveCfg = Release|Win32
		{045F9C55-34B3-41A8-ACC8-007100EFD02D}.Release|Win32.Build.0 = Release|Win32
		{045F9C55-34B3-41A8-ACC8-007100EFD02D}.MinSizeRel|Win32.ActiveCfg = MinSizeRel|Win32
		{045F9C55-34B3-41A8-ACC8-007100EFD02D}.MinSizeRel|Win32.Build.0 = MinSizeRel|Win32
		{045F9C55-34B3-41A8-ACC8-007100EFD02D}.RelWithDebInfo|Win32.ActiveCfg = RelWithDebInfo|Win32
		{045F9C55-34B3-41A8-ACC8-007100EFD02D}.RelWithDebInfo|Win32.Build.0 = RelWithDebInfo|Win32
	EndGlobalSection
	GlobalSection(ExtensibilityGlobals) = postSolution
	EndGlobalSection
	GlobalSection(ExtensibilityAddIns) = postSolution
	EndGlobalSection
EndGlobal
