Microsoft Visual Studio Solution File, Format Version 10.00
# Visual Studio 2008
Project("{8BC9CEB8-8B4A-11D0-8D11-00A0C91BC942}") = "ALL_BUILD", "ALL_BUILD.vcproj", "{03F8B262-5A4D-4F9B-98E5-C37C33053826}"
	ProjectSection(ProjectDependencies) = postProject
		{096A01BA-75E4-4931-85B7-B6B0A3E78507} = {096A01BA-75E4-4931-85B7-B6B0A3E78507}
		{66F96008-C5E6-47E1-B94C-8079AFF55C2C} = {66F96008-C5E6-47E1-B94C-8079AFF55C2C}
		{A1B3573F-59B2-4763-ADE9-BA9CC2ADDFE6} = {A1B3573F-59B2-4763-ADE9-BA9CC2ADDFE6}
		{CAEF666E-AFF1-4705-897B-A73B35CFE74B} = {CAEF666E-AFF1-4705-897B-A73B35CFE74B}
		{50F304BD-5407-4F3D-8EE9-6E6D43343BC1} = {50F304BD-5407-4F3D-8EE9-6E6D43343BC1}
		{B0E8E847-65D9-4CD5-8920-A2257B2E9636} = {B0E8E847-65D9-4CD5-8920-A2257B2E9636}
		{3E4C2B32-8BCE-4DB2-89B7-A5F94061A924} = {3E4C2B32-8BCE-4DB2-89B7-A5F94061A924}
		{A227F5B3-BE95-4E54-A844-86775A3BFDB9} = {A227F5B3-BE95-4E54-A844-86775A3BFDB9}
		{2F2578C2-F07F-4559-B8D3-73948A48E958} = {2F2578C2-F07F-4559-B8D3-73948A48E958}
		{FBB1AC9E-E868-4CAD-94EA-380B3F378D09} = {FBB1AC9E-E868-4CAD-94EA-380B3F378D09}
		{A1EF6322-CCFE-41A9-9CFF-6564C09658AA} = {A1EF6322-CCFE-41A9-9CFF-6564C09658AA}
		{D1322DE3-646B-4785-8D50-923016EED93C} = {D1322DE3-646B-4785-8D50-923016EED93C}
		{14B6655B-D5EB-4190-A26C-BAB4FCD367BB} = {14B6655B-D5EB-4190-A26C-BAB4FCD367BB}
		{4D44965D-F37F-45E3-AEB0-A8D2DC733740} = {4D44965D-F37F-45E3-AEB0-A8D2DC733740}
		{045F9C55-34B3-41A8-ACC8-007100EFD02D} = {045F9C55-34B3-41A8-ACC8-007100EFD02D}
	EndProjectSection
EndProject
Project("{8BC9CEB8-8B4A-11D0-8D11-00A0C91BC942}") = "BulletCollision", "src\BulletCollision\BulletCollision.vcproj", "{096A01BA-75E4-4931-85B7-B6B0A3E78507}"
	ProjectSection(ProjectDependencies) = postProject
		{045F9C55-34B3-41A8-ACC8-007100EFD02D} = {045F9C55-34B3-41A8-ACC8-007100EFD02D}
	EndProjectSection
EndProject
Project("{8BC9CEB8-8B4A-11D0-8D11-00A0C91BC942}") = "BulletDynamics", "src\BulletDynamics\BulletDynamics.vcproj", "{66F96008-C5E6-47E1-B94C-8079AFF55C2C}"
	ProjectSection(ProjectDependencies) = postProject
		{045F9C55-34B3-41A8-ACC8-007100EFD02D} = {045F9C55-34B3-41A8-ACC8-007100EFD02D}
	EndProjectSection
EndProject
Project("{8BC9CEB8-8B4A-11D0-8D11-00A0C91BC942}") = "BulletFileLoader", "Extras\Serialize\BulletFileLoader\BulletFileLoader.vcproj", "{A1B3573F-59B2-4763-ADE9-BA9CC2ADDFE6}"
	ProjectSection(ProjectDependencies) = postProject
		{045F9C55-34B3-41A8-ACC8-007100EFD02D} = {045F9C55-34B3-41A8-ACC8-007100EFD02D}
	EndProjectSection
EndProject
Project("{8BC9CEB8-8B4A-11D0-8D11-00A0C91BC942}") = "BulletMultiThreaded", "src\BulletMultiThreaded\BulletMultiThreaded.vcproj", "{CAEF666E-AFF1-4705-897B-A73B35CFE74B}"
	ProjectSection(ProjectDependencies) = postProject
		{045F9C55-34B3-41A8-ACC8-007100EFD02D} = {045F9C55-34B3-41A8-ACC8-007100EFD02D}
	EndProjectSection
EndProject
Project("{8BC9CEB8-8B4A-11D0-8D11-00A0C91BC942}") = "BulletSoftBody", "src\BulletSoftBody\BulletSoftBody.vcproj", "{50F304BD-5407-4F3D-8EE9-6E6D43343BC1}"
	ProjectSection(ProjectDependencies) = postProject
		{045F9C55-34B3-41A8-ACC8-007100EFD02D} = {045F9C55-34B3-41A8-ACC8-007100EFD02D}
	EndProjectSection
EndProject
Project("{8BC9CEB8-8B4A-11D0-8D11-00A0C91BC942}") = "BulletSoftBodySolvers_CPU", "src\BulletMultiThreaded\GpuSoftBodySolvers\CPU\BulletSoftBodySolvers_CPU.vcproj", "{B0E8E847-65D9-4CD5-8920-A2257B2E9636}"
	ProjectSection(ProjectDependencies) = postProject
		{045F9C55-34B3-41A8-ACC8-007100EFD02D} = {045F9C55-34B3-41A8-ACC8-007100EFD02D}
	EndProjectSection
EndProject
Project("{8BC9CEB8-8B4A-11D0-8D11-00A0C91BC942}") = "BulletSoftBodySolvers_OpenCL_Mini", "src\BulletMultiThreaded\GpuSoftBodySolvers\OpenCL\MiniCL\BulletSoftBodySolvers_OpenCL_Mini.vcproj", "{3E4C2B32-8BCE-4DB2-89B7-A5F94061A924}"
	ProjectSection(ProjectDependencies) = postProject
		{045F9C55-34B3-41A8-ACC8-007100EFD02D} = {045F9C55-34B3-41A8-ACC8-007100EFD02D}
	EndProjectSection
EndProject
Project("{8BC9CEB8-8B4A-11D0-8D11-00A0C91BC942}") = "BulletWorldImporter", "Extras\Serialize\BulletWorldImporter\BulletWorldImporter.vcproj", "{A227F5B3-BE95-4E54-A844-86775A3BFDB9}"
	ProjectSection(ProjectDependencies) = postProject
		{045F9C55-34B3-41A8-ACC8-007100EFD02D} = {045F9C55-34B3-41A8-ACC8-007100EFD02D}
	EndProjectSection
EndProject
Project("{8BC9CEB8-8B4A-11D0-8D11-00A0C91BC942}") = "ConvexDecomposition", "Extras\ConvexDecomposition\ConvexDecomposition.vcproj", "{2F2578C2-F07F-4559-B8D3-73948A48E958}"
	ProjectSection(ProjectDependencies) = postProject
		{045F9C55-34B3-41A8-ACC8-007100EFD02D} = {045F9C55-34B3-41A8-ACC8-007100EFD02D}
	EndProjectSection
EndProject
Project("{8BC9CEB8-8B4A-11D0-8D11-00A0C91BC942}") = "GIMPACTUtils", "Extras\GIMPACTUtils\GIMPACTUtils.vcproj", "{FBB1AC9E-E868-4CAD-94EA-380B3F378D09}"
	ProjectSection(ProjectDependencies) = postProject
		{045F9C55-34B3-41A8-ACC8-007100EFD02D} = {045F9C55-34B3-41A8-ACC8-007100EFD02D}
	EndProjectSection
EndProject
Project("{8BC9CEB8-8B4A-11D0-8D11-00A0C91BC942}") = "GLUI", "Extras\glui\GLUI.vcproj", "{A1EF6322-CCFE-41A9-9CFF-6564C09658AA}"
	ProjectSection(ProjectDependencies) = postProject
		{045F9C55-34B3-41A8-ACC8-007100EFD02D} = {045F9C55-34B3-41A8-ACC8-007100EFD02D}
	EndProjectSection
EndProject
Project("{8BC9CEB8-8B4A-11D0-8D11-00A0C91BC942}") = "HACD", "Extras\HACD\HACD.vcproj", "{D1322DE3-646B-4785-8D50-923016EED93C}"
	ProjectSection(ProjectDependencies) = postProject
		{045F9C55-34B3-41A8-ACC8-007100EFD02D} = {045F9C55-34B3-41A8-ACC8-007100EFD02D}
	EndProjectSection
EndProject
Project("{8BC9CEB8-8B4A-11D0-8D11-00A0C91BC942}") = "LinearMath", "src\LinearMath\LinearMath.vcproj", "{14B6655B-D5EB-4190-A26C-BAB4FCD367BB}"
	ProjectSection(ProjectDependencies) = postProject
		{045F9C55-34B3-41A8-ACC8-007100EFD02D} = {045F9C55-34B3-41A8-ACC8-007100EFD02D}
	EndProjectSection
EndProject
Project("{8BC9CEB8-8B4A-11D0-8D11-00A0C91BC942}") = "MiniCL", "src\MiniCL\MiniCL.vcproj", "{4D44965D-F37F-45E3-AEB0-A8D2DC733740}"
	ProjectSection(ProjectDependencies) = postProject
		{045F9C55-34B3-41A8-ACC8-007100EFD02D} = {045F9C55-34B3-41A8-ACC8-007100EFD02D}
	EndProjectSection
EndProject
Project("{8BC9CEB8-8B4A-11D0-8D11-00A0C91BC942}") = "ZERO_CHECK", "ZERO_CHECK.vcproj", "{045F9C55-34B3-41A8-ACC8-007100EFD02D}"
	ProjectSection(ProjectDependencies) = postProject
	EndProjectSection
EndProject
Global
	GlobalSection(SolutionConfigurationPlatforms) = preSolution
		Debug|Win32 = Debug|Win32
		Release|Win32 = Release|Win32
		MinSizeRel|Win32 = MinSizeRel|Win32
		RelWithDebInfo|Win32 = RelWithDebInfo|Win32
	EndGlobalSection
	GlobalSection(ProjectConfigurationPlatforms) = postSolution
		{03F8B262-5A4D-4F9B-98E5-C37C33053826}.Debug|Win32.ActiveCfg = Debug|Win32
		{03F8B262-5A4D-4F9B-98E5-C37C33053826}.Release|Win32.ActiveCfg = Release|Win32
		{03F8B262-5A4D-4F9B-98E5-C37C33053826}.MinSizeRel|Win32.ActiveCfg = MinSizeRel|Win32
		{03F8B262-5A4D-4F9B-98E5-C37C33053826}.RelWithDebInfo|Win32.ActiveCfg = RelWithDebInfo|Win32
		{096A01BA-75E4-4931-85B7-B6B0A3E78507}.Debug|Win32.ActiveCfg = Debug|Win32
		{096A01BA-75E4-4931-85B7-B6B0A3E78507}.Debug|Win32.Build.0 = Debug|Win32
		{096A01BA-75E4-4931-85B7-B6B0A3E78507}.Release|Win32.ActiveCfg = Release|Win32
		{096A01BA-75E4-4931-85B7-B6B0A3E78507}.Release|Win32.Build.0 = Release|Win32
		{096A01BA-75E4-4931-85B7-B6B0A3E78507}.MinSizeRel|Win32.ActiveCfg = MinSizeRel|Win32
		{096A01BA-75E4-4931-85B7-B6B0A3E78507}.MinSizeRel|Win32.Build.0 = MinSizeRel|Win32
		{096A01BA-75E4-4931-85B7-B6B0A3E78507}.RelWithDebInfo|Win32.ActiveCfg = RelWithDebInfo|Win32
		{096A01BA-75E4-4931-85B7-B6B0A3E78507}.RelWithDebInfo|Win32.Build.0 = RelWithDebInfo|Win32
		{66F96008-C5E6-47E1-B94C-8079AFF55C2C}.Debug|Win32.ActiveCfg = Debug|Win32
		{66F96008-C5E6-47E1-B94C-8079AFF55C2C}.Debug|Win32.Build.0 = Debug|Win32
		{66F96008-C5E6-47E1-B94C-8079AFF55C2C}.Release|Win32.ActiveCfg = Release|Win32
		{66F96008-C5E6-47E1-B94C-8079AFF55C2C}.Release|Win32.Build.0 = Release|Win32
		{66F96008-C5E6-47E1-B94C-8079AFF55C2C}.MinSizeRel|Win32.ActiveCfg = MinSizeRel|Win32
		{66F96008-C5E6-47E1-B94C-8079AFF55C2C}.MinSizeRel|Win32.Build.0 = MinSizeRel|Win32
		{66F96008-C5E6-47E1-B94C-8079AFF55C2C}.RelWithDebInfo|Win32.ActiveCfg = RelWithDebInfo|Win32
		{66F96008-C5E6-47E1-B94C-8079AFF55C2C}.RelWithDebInfo|Win32.Build.0 = RelWithDebInfo|Win32
		{A1B3573F-59B2-4763-ADE9-BA9CC2ADDFE6}.Debug|Win32.ActiveCfg = Debug|Win32
		{A1B3573F-59B2-4763-ADE9-BA9CC2ADDFE6}.Debug|Win32.Build.0 = Debug|Win32
		{A1B3573F-59B2-4763-ADE9-BA9CC2ADDFE6}.Release|Win32.ActiveCfg = Release|Win32
		{A1B3573F-59B2-4763-ADE9-BA9CC2ADDFE6}.Release|Win32.Build.0 = Release|Win32
		{A1B3573F-59B2-4763-ADE9-BA9CC2ADDFE6}.MinSizeRel|Win32.ActiveCfg = MinSizeRel|Win32
		{A1B3573F-59B2-4763-ADE9-BA9CC2ADDFE6}.MinSizeRel|Win32.Build.0 = MinSizeRel|Win32
		{A1B3573F-59B2-4763-ADE9-BA9CC2ADDFE6}.RelWithDebInfo|Win32.ActiveCfg = RelWithDebInfo|Win32
		{A1B3573F-59B2-4763-ADE9-BA9CC2ADDFE6}.RelWithDebInfo|Win32.Build.0 = RelWithDebInfo|Win32
		{CAEF666E-AFF1-4705-897B-A73B35CFE74B}.Debug|Win32.ActiveCfg = Debug|Win32
		{CAEF666E-AFF1-4705-897B-A73B35CFE74B}.Debug|Win32.Build.0 = Debug|Win32
		{CAEF666E-AFF1-4705-897B-A73B35CFE74B}.Release|Win32.ActiveCfg = Release|Win32
		{CAEF666E-AFF1-4705-897B-A73B35CFE74B}.Release|Win32.Build.0 = Release|Win32
		{CAEF666E-AFF1-4705-897B-A73B35CFE74B}.MinSizeRel|Win32.ActiveCfg = MinSizeRel|Win32
		{CAEF666E-AFF1-4705-897B-A73B35CFE74B}.MinSizeRel|Win32.Build.0 = MinSizeRel|Win32
		{CAEF666E-AFF1-4705-897B-A73B35CFE74B}.RelWithDebInfo|Win32.ActiveCfg = RelWithDebInfo|Win32
		{CAEF666E-AFF1-4705-897B-A73B35CFE74B}.RelWithDebInfo|Win32.Build.0 = RelWithDebInfo|Win32
		{50F304BD-5407-4F3D-8EE9-6E6D43343BC1}.Debug|Win32.ActiveCfg = Debug|Win32
		{50F304BD-5407-4F3D-8EE9-6E6D43343BC1}.Debug|Win32.Build.0 = Debug|Win32
		{50F304BD-5407-4F3D-8EE9-6E6D43343BC1}.Release|Win32.ActiveCfg = Release|Win32
		{50F304BD-5407-4F3D-8EE9-6E6D43343BC1}.Release|Win32.Build.0 = Release|Win32
		{50F304BD-5407-4F3D-8EE9-6E6D43343BC1}.MinSizeRel|Win32.ActiveCfg = MinSizeRel|Win32
		{50F304BD-5407-4F3D-8EE9-6E6D43343BC1}.MinSizeRel|Win32.Build.0 = MinSizeRel|Win32
		{50F304BD-5407-4F3D-8EE9-6E6D43343BC1}.RelWithDebInfo|Win32.ActiveCfg = RelWithDebInfo|Win32
		{50F304BD-5407-4F3D-8EE9-6E6D43343BC1}.RelWithDebInfo|Win32.Build.0 = RelWithDebInfo|Win32
		{B0E8E847-65D9-4CD5-8920-A2257B2E9636}.Debug|Win32.ActiveCfg = Debug|Win32
		{B0E8E847-65D9-4CD5-8920-A2257B2E9636}.Debug|Win32.Build.0 = Debug|Win32
		{B0E8E847-65D9-4CD5-8920-A2257B2E9636}.Release|Win32.ActiveCfg = Release|Win32
		{B0E8E847-65D9-4CD5-8920-A2257B2E9636}.Release|Win32.Build.0 = Release|Win32
		{B0E8E847-65D9-4CD5-8920-A2257B2E9636}.MinSizeRel|Win32.ActiveCfg = MinSizeRel|Win32
		{B0E8E847-65D9-4CD5-8920-A2257B2E9636}.MinSizeRel|Win32.Build.0 = MinSizeRel|Win32
		{B0E8E847-65D9-4CD5-8920-A2257B2E9636}.RelWithDebInfo|Win32.ActiveCfg = RelWithDebInfo|Win32
		{B0E8E847-65D9-4CD5-8920-A2257B2E9636}.RelWithDebInfo|Win32.Build.0 = RelWithDebInfo|Win32
		{3E4C2B32-8BCE-4DB2-89B7-A5F94061A924}.Debug|Win32.ActiveCfg = Debug|Win32
		{3E4C2B32-8BCE-4DB2-89B7-A5F94061A924}.Debug|Win32.Build.0 = Debug|Win32
		{3E4C2B32-8BCE-4DB2-89B7-A5F94061A924}.Release|Win32.ActiveCfg = Release|Win32
		{3E4C2B32-8BCE-4DB2-89B7-A5F94061A924}.Release|Win32.Build.0 = Release|Win32
		{3E4C2B32-8BCE-4DB2-89B7-A5F94061A924}.MinSizeRel|Win32.ActiveCfg = MinSizeRel|Win32
		{3E4C2B32-8BCE-4DB2-89B7-A5F94061A924}.MinSizeRel|Win32.Build.0 = MinSizeRel|Win32
		{3E4C2B32-8BCE-4DB2-89B7-A5F94061A924}.RelWithDebInfo|Win32.ActiveCfg = RelWithDebInfo|Win32
		{3E4C2B32-8BCE-4DB2-89B7-A5F94061A924}.RelWithDebInfo|Win32.Build.0 = RelWithDebInfo|Win32
		{A227F5B3-BE95-4E54-A844-86775A3BFDB9}.Debug|Win32.ActiveCfg = Debug|Win32
		{A227F5B3-BE95-4E54-A844-86775A3BFDB9}.Debug|Win32.Build.0 = Debug|Win32
		{A227F5B3-BE95-4E54-A844-86775A3BFDB9}.Release|Win32.ActiveCfg = Release|Win32
		{A227F5B3-BE95-4E54-A844-86775A3BFDB9}.Release|Win32.Build.0 = Release|Win32
		{A227F5B3-BE95-4E54-A844-86775A3BFDB9}.MinSizeRel|Win32.ActiveCfg = MinSizeRel|Win32
		{A227F5B3-BE95-4E54-A844-86775A3BFDB9}.MinSizeRel|Win32.Build.0 = MinSizeRel|Win32
		{A227F5B3-BE95-4E54-A844-86775A3BFDB9}.RelWithDebInfo|Win32.ActiveCfg = RelWithDebInfo|Win32
		{A227F5B3-BE95-4E54-A844-86775A3BFDB9}.RelWithDebInfo|Win32.Build.0 = RelWithDebInfo|Win32
		{2F2578C2-F07F-4559-B8D3-73948A48E958}.Debug|Win32.ActiveCfg = Debug|Win32
		{2F2578C2-F07F-4559-B8D3-73948A48E958}.Debug|Win32.Build.0 = Debug|Win32
		{2F2578C2-F07F-4559-B8D3-73948A48E958}.Release|Win32.ActiveCfg = Release|Win32
		{2F2578C2-F07F-4559-B8D3-73948A48E958}.Release|Win32.Build.0 = Release|Win32
		{2F2578C2-F07F-4559-B8D3-73948A48E958}.MinSizeRel|Win32.ActiveCfg = MinSizeRel|Win32
		{2F2578C2-F07F-4559-B8D3-73948A48E958}.MinSizeRel|Win32.Build.0 = MinSizeRel|Win32
		{2F2578C2-F07F-4559-B8D3-73948A48E958}.RelWithDebInfo|Win32.ActiveCfg = RelWithDebInfo|Win32
		{2F2578C2-F07F-4559-B8D3-73948A48E958}.RelWithDebInfo|Win32.Build.0 = RelWithDebInfo|Win32
		{FBB1AC9E-E868-4CAD-94EA-380B3F378D09}.Debug|Win32.ActiveCfg = Debug|Win32
		{FBB1AC9E-E868-4CAD-94EA-380B3F378D09}.Debug|Win32.Build.0 = Debug|Win32
		{FBB1AC9E-E868-4CAD-94EA-380B3F378D09}.Release|Win32.ActiveCfg = Release|Win32
		{FBB1AC9E-E868-4CAD-94EA-380B3F378D09}.Release|Win32.Build.0 = Release|Win32
		{FBB1AC9E-E868-4CAD-94EA-380B3F378D09}.MinSizeRel|Win32.ActiveCfg = MinSizeRel|Win32
		{FBB1AC9E-E868-4CAD-94EA-380B3F378D09}.MinSizeRel|Win32.Build.0 = MinSizeRel|Win32
		{FBB1AC9E-E868-4CAD-94EA-380B3F378D09}.RelWithDebInfo|Win32.ActiveCfg = RelWithDebInfo|Win32
		{FBB1AC9E-E868-4CAD-94EA-380B3F378D09}.RelWithDebInfo|Win32.Build.0 = RelWithDebInfo|Win32
		{A1EF6322-CCFE-41A9-9CFF-6564C09658AA}.Debug|Win32.ActiveCfg = Debug|Win32
		{A1EF6322-CCFE-41A9-9CFF-6564C09658AA}.Debug|Win32.Build.0 = Debug|Win32
		{A1EF6322-CCFE-41A9-9CFF-6564C09658AA}.Release|Win32.ActiveCfg = Release|Win32
		{A1EF6322-CCFE-41A9-9CFF-6564C09658AA}.Release|Win32.Build.0 = Release|Win32
		{A1EF6322-CCFE-41A9-9CFF-6564C09658AA}.MinSizeRel|Win32.ActiveCfg = MinSizeRel|Win32
		{A1EF6322-CCFE-41A9-9CFF-6564C09658AA}.MinSizeRel|Win32.Build.0 = MinSizeRel|Win32
		{A1EF6322-CCFE-41A9-9CFF-6564C09658AA}.RelWithDebInfo|Win32.ActiveCfg = RelWithDebInfo|Win32
		{A1EF6322-CCFE-41A9-9CFF-6564C09658AA}.RelWithDebInfo|Win32.Build.0 = RelWithDebInfo|Win32
		{D1322DE3-646B-4785-8D50-923016EED93C}.Debug|Win32.ActiveCfg = Debug|Win32
		{D1322DE3-646B-4785-8D50-923016EED93C}.Debug|Win32.Build.0 = Debug|Win32
		{D1322DE3-646B-4785-8D50-923016EED93C}.Release|Win32.ActiveCfg = Release|Win32
		{D1322DE3-646B-4785-8D50-923016EED93C}.Release|Win32.Build.0 = Release|Win32
		{D1322DE3-646B-4785-8D50-923016EED93C}.MinSizeRel|Win32.ActiveCfg = MinSizeRel|Win32
		{D1322DE3-646B-4785-8D50-923016EED93C}.MinSizeRel|Win32.Build.0 = MinSizeRel|Win32
		{D1322DE3-646B-4785-8D50-923016EED93C}.RelWithDebInfo|Win32.ActiveCfg = RelWithDebInfo|Win32
		{D1322DE3-646B-4785-8D50-923016EED93C}.RelWithDebInfo|Win32.Build.0 = RelWithDebInfo|Win32
		{14B6655B-D5EB-4190-A26C-BAB4FCD367BB}.Debug|Win32.ActiveCfg = Debug|Win32
		{14B6655B-D5EB-4190-A26C-BAB4FCD367BB}.Debug|Win32.Build.0 = Debug|Win32
		{14B6655B-D5EB-4190-A26C-BAB4FCD367BB}.Release|Win32.ActiveCfg = Release|Win32
		{14B6655B-D5EB-4190-A26C-BAB4FCD367BB}.Release|Win32.Build.0 = Release|Win32
		{14B6655B-D5EB-4190-A26C-BAB4FCD367BB}.MinSizeRel|Win32.ActiveCfg = MinSizeRel|Win32
		{14B6655B-D5EB-4190-A26C-BAB4FCD367BB}.MinSizeRel|Win32.Build.0 = MinSizeRel|Win32
		{14B6655B-D5EB-4190-A26C-BAB4FCD367BB}.RelWithDebInfo|Win32.ActiveCfg = RelWithDebInfo|Win32
		{14B6655B-D5EB-4190-A26C-BAB4FCD367BB}.RelWithDebInfo|Win32.Build.0 = RelWithDebInfo|Win32
		{4D44965D-F37F-45E3-AEB0-A8D2DC733740}.Debug|Win32.ActiveCfg = Debug|Win32
		{4D44965D-F37F-45E3-AEB0-A8D2DC733740}.Debug|Win32.Build.0 = Debug|Win32
		{4D44965D-F37F-45E3-AEB0-A8D2DC733740}.Release|Win32.ActiveCfg = Release|Win32
		{4D44965D-F37F-45E3-AEB0-A8D2DC733740}.Release|Win32.Build.0 = Release|Win32
		{4D44965D-F37F-45E3-AEB0-A8D2DC733740}.MinSizeRel|Win32.ActiveCfg = MinSizeRel|Win32
		{4D44965D-F37F-45E3-AEB0-A8D2DC733740}.MinSizeRel|Win32.Build.0 = MinSizeRel|Win32
		{4D44965D-F37F-45E3-AEB0-A8D2DC733740}.RelWithDebInfo|Win32.ActiveCfg = RelWithDebInfo|Win32
		{4D44965D-F37F-45E3-AEB0-A8D2DC733740}.RelWithDebInfo|Win32.Build.0 = RelWithDebInfo|Win32
		{045F9C55-34B3-41A8-ACC8-007100EFD02D}.Debug|Win32.ActiveCfg = Debug|Win32
		{045F9C55-34B3-41A8-ACC8-007100EFD02D}.Debug|Win32.Build.0 = Debug|Win32
		{045F9C55-34B3-41A8-ACC8-007100EFD02D}.Release|Win32.ActiveCfg = Release|Win32
		{045F9C55-34B3-41A8-ACC8-007100EFD02D}.Release|Win32.Build.0 = Release|Win32
		{045F9C55-34B3-41A8-ACC8-007100EFD02D}.MinSizeRel|Win32.ActiveCfg = MinSizeRel|Win32
		{045F9C55-34B3-41A8-ACC8-007100EFD02D}.MinSizeRel|Win32.Build.0 = MinSizeRel|Win32
		{045F9C55-34B3-41A8-ACC8-007100EFD02D}.RelWithDebInfo|Win32.ActiveCfg = RelWithDebInfo|Win32
		{045F9C55-34B3-41A8-ACC8-007100EFD02D}.RelWithDebInfo|Win32.Build.0 = RelWithDebInfo|Win32
	EndGlobalSection
	GlobalSection(ExtensibilityGlobals) = postSolution
	EndGlobalSection
	GlobalSection(ExtensibilityAddIns) = postSolution
	EndGlobalSection
EndGlobal
